{
  "lockfile-version": 1,
  "manifest": {
    "version": 1,
    "install": {
      "crane": {
        "pkg-path": "crane"
      },
      "go": {
        "pkg-path": "go"
      },
      "httpie": {
        "pkg-path": "httpie"
      },
      "kind": {
        "pkg-path": "kind"
      },
      "kn": {
        "pkg-path": "kn"
      },
      "kubectl": {
        "pkg-path": "kubectl"
      },
      "kubectx": {
        "pkg-path": "kubectx"
      },
      "kubernetes-helm": {
        "pkg-path": "kubernetes-helm"
      },
      "kustomize": {
        "pkg-path": "kustomize"
      },
      "pack": {
        "pkg-path": "pack"
      },
      "skaffold": {
        "pkg-path": "skaffold"
      },
      "vscode-go-flake": {
        "flake": "github:thomasvitale/vscode-go-flake"
      }
    },
    "vars": {
      "FLOX_DISABLE_METRICS": "true"
    },
    "options": {
      "systems": [
        "aarch64-darwin",
        "aarch64-linux",
        "x86_64-darwin",
        "x86_64-linux"
      ]
    }
  },
  "packages": [
    {
      "attr_path": "crane",
      "broken": false,
      "derivation": "/nix/store/ykypjqq7ggri8v87hnvjbp08m86cffwm-go-containerregistry-0.20.6.drv",
      "description": "Tools for interacting with remote images and registries including crane and gcrane",
      "install_id": "crane",
      "license": "Apache-2.0",
      "locked_url": "https://github.com/flox/nixpkgs?rev=30e2e2857ba47844aa71991daa6ed1fc678bcbb7",
      "name": "go-containerregistry-0.20.6",
      "pname": "crane",
      "rev": "30e2e2857ba47844aa71991daa6ed1fc678bcbb7",
      "rev_count": 822156,
      "rev_date": "2025-06-27T08:03:01Z",
      "scrape_date": "2025-06-29T04:56:13.982276Z",
      "stabilities": [
        "unstable"
      ],
      "unfree": false,
      "version": "0.20.6",
      "outputs_to_install": [
        "out"
      ],
      "outputs": {
        "crane": "/nix/store/fq3sz8inxs1i43ycc1wp79m4zjrzgbav-go-containerregistry-0.20.6-crane",
        "gcrane": "/nix/store/lyqw13g913av36fk0v7z5i7bp0kisdg7-go-containerregistry-0.20.6-gcrane",
        "out": "/nix/store/r4zxg7j5xj3zm9p0rsbhnhlpv3mljhg9-go-containerregistry-0.20.6"
      },
      "system": "aarch64-darwin",
      "group": "toplevel",
      "priority": 5
    },
    {
      "attr_path": "crane",
      "broken": false,
      "derivation": "/nix/store/ndxya6lx196jdz8i6w18j1xn6q8kl76n-go-containerregistry-0.20.6.drv",
      "description": "Tools for interacting with remote images and registries including crane and gcrane",
      "install_id": "crane",
      "license": "Apache-2.0",
      "locked_url": "https://github.com/flox/nixpkgs?rev=30e2e2857ba47844aa71991daa6ed1fc678bcbb7",
      "name": "go-containerregistry-0.20.6",
      "pname": "crane",
      "rev": "30e2e2857ba47844aa71991daa6ed1fc678bcbb7",
      "rev_count": 822156,
      "rev_date": "2025-06-27T08:03:01Z",
      "scrape_date": "2025-06-29T05:19:53.811997Z",
      "stabilities": [
        "unstable"
      ],
      "unfree": false,
      "version": "0.20.6",
      "outputs_to_install": [
        "out"
      ],
      "outputs": {
        "crane": "/nix/store/3vkf4rwwj5bgjn2vs33s9w11k01nabyk-go-containerregistry-0.20.6-crane",
        "gcrane": "/nix/store/008j1azn77jrky4p06lxjvf6zx7m68qm-go-containerregistry-0.20.6-gcrane",
        "out": "/nix/store/zy8k747hp196jmgsq42lrc4rghxpb2c1-go-containerregistry-0.20.6"
      },
      "system": "aarch64-linux",
      "group": "toplevel",
      "priority": 5
    },
    {
      "attr_path": "crane",
      "broken": false,
      "derivation": "/nix/store/h5796d0b472vjqr90xgm47mbnx0pis9i-go-containerregistry-0.20.6.drv",
      "description": "Tools for interacting with remote images and registries including crane and gcrane",
      "install_id": "crane",
      "license": "Apache-2.0",
      "locked_url": "https://github.com/flox/nixpkgs?rev=30e2e2857ba47844aa71991daa6ed1fc678bcbb7",
      "name": "go-containerregistry-0.20.6",
      "pname": "crane",
      "rev": "30e2e2857ba47844aa71991daa6ed1fc678bcbb7",
      "rev_count": 822156,
      "rev_date": "2025-06-27T08:03:01Z",
      "scrape_date": "2025-06-29T05:38:12.593932Z",
      "stabilities": [
        "unstable"
      ],
      "unfree": false,
      "version": "0.20.6",
      "outputs_to_install": [
        "out"
      ],
      "outputs": {
        "crane": "/nix/store/f9lxmi3hkisz849g1grksnszf2pkf9q3-go-containerregistry-0.20.6-crane",
        "gcrane": "/nix/store/gh2808zp26qnx72chmd17va23m5ds77a-go-containerregistry-0.20.6-gcrane",
        "out": "/nix/store/d3rplyxfkv7xc0n9lin3hmj7rmr5pf3h-go-containerregistry-0.20.6"
      },
      "system": "x86_64-darwin",
      "group": "toplevel",
      "priority": 5
    },
    {
      "attr_path": "crane",
      "broken": false,
      "derivation": "/nix/store/4sbgwhd03jqr5vwxjlnvfs9kw3irhlwf-go-containerregistry-0.20.6.drv",
      "description": "Tools for interacting with remote images and registries including crane and gcrane",
      "install_id": "crane",
      "license": "Apache-2.0",
      "locked_url": "https://github.com/flox/nixpkgs?rev=30e2e2857ba47844aa71991daa6ed1fc678bcbb7",
      "name": "go-containerregistry-0.20.6",
      "pname": "crane",
      "rev": "30e2e2857ba47844aa71991daa6ed1fc678bcbb7",
      "rev_count": 822156,
      "rev_date": "2025-06-27T08:03:01Z",
      "scrape_date": "2025-06-29T06:00:01.971823Z",
      "stabilities": [
        "unstable"
      ],
      "unfree": false,
      "version": "0.20.6",
      "outputs_to_install": [
        "out"
      ],
      "outputs": {
        "crane": "/nix/store/gap8lddzsinipk0lfjg4sxgahkp3wxsr-go-containerregistry-0.20.6-crane",
        "gcrane": "/nix/store/fbgv94yh8mxnzp47vi52dzwvr7b3j5g3-go-containerregistry-0.20.6-gcrane",
        "out": "/nix/store/hlhj9fj62w99nl4fc4bn99xs3ik5accg-go-containerregistry-0.20.6"
      },
      "system": "x86_64-linux",
      "group": "toplevel",
      "priority": 5
    },
    {
      "attr_path": "go",
      "broken": false,
      "derivation": "/nix/store/7i15lyhdhcpr16yqxlxm2ipjdn560w5x-go-1.24.4.drv",
      "description": "Go Programming language",
      "install_id": "go",
      "license": "BSD-3-Clause",
      "locked_url": "https://github.com/flox/nixpkgs?rev=30e2e2857ba47844aa71991daa6ed1fc678bcbb7",
      "name": "go-1.24.4",
      "pname": "go",
      "rev": "30e2e2857ba47844aa71991daa6ed1fc678bcbb7",
      "rev_count": 822156,
      "rev_date": "2025-06-27T08:03:01Z",
      "scrape_date": "2025-06-29T04:56:14.564470Z",
      "stabilities": [
        "unstable"
      ],
      "unfree": false,
      "version": "1.24.4",
      "outputs_to_install": [
        "out"
      ],
      "outputs": {
        "out": "/nix/store/rq7irijkj3nhapmjcv9d96xgkisj55x2-go-1.24.4"
      },
      "system": "aarch64-darwin",
      "group": "toplevel",
      "priority": 5
    },
    {
      "attr_path": "go",
      "broken": false,
      "derivation": "/nix/store/qhrgsw4303gv415fl0q48qki3xjrysn2-go-1.24.4.drv",
      "description": "Go Programming language",
      "install_id": "go",
      "license": "BSD-3-Clause",
      "locked_url": "https://github.com/flox/nixpkgs?rev=30e2e2857ba47844aa71991daa6ed1fc678bcbb7",
      "name": "go-1.24.4",
      "pname": "go",
      "rev": "30e2e2857ba47844aa71991daa6ed1fc678bcbb7",
      "rev_count": 822156,
      "rev_date": "2025-06-27T08:03:01Z",
      "scrape_date": "2025-06-29T05:19:55.048877Z",
      "stabilities": [
        "unstable"
      ],
      "unfree": false,
      "version": "1.24.4",
      "outputs_to_install": [
        "out"
      ],
      "outputs": {
        "out": "/nix/store/9f64p4ip4iz2nba4wyhn1baq6b6pb6ss-go-1.24.4"
      },
      "system": "aarch64-linux",
      "group": "toplevel",
      "priority": 5
    },
    {
      "attr_path": "go",
      "broken": false,
      "derivation": "/nix/store/c3247n9gz359k8w7m0x690ip4d1h0xj2-go-1.24.4.drv",
      "description": "Go Programming language",
      "install_id": "go",
      "license": "BSD-3-Clause",
      "locked_url": "https://github.com/flox/nixpkgs?rev=30e2e2857ba47844aa71991daa6ed1fc678bcbb7",
      "name": "go-1.24.4",
      "pname": "go",
      "rev": "30e2e2857ba47844aa71991daa6ed1fc678bcbb7",
      "rev_count": 822156,
      "rev_date": "2025-06-27T08:03:01Z",
      "scrape_date": "2025-06-29T05:38:13.185236Z",
      "stabilities": [
        "unstable"
      ],
      "unfree": false,
      "version": "1.24.4",
      "outputs_to_install": [
        "out"
      ],
      "outputs": {
        "out": "/nix/store/n0gqcdpdk0ap2ikasi36r0szwpk2g35q-go-1.24.4"
      },
      "system": "x86_64-darwin",
      "group": "toplevel",
      "priority": 5
    },
    {
      "attr_path": "go",
      "broken": false,
      "derivation": "/nix/store/55apw0ij2wcvrvmkvdgi6ixx7nqqw0hh-go-1.24.4.drv",
      "description": "Go Programming language",
      "install_id": "go",
      "license": "BSD-3-Clause",
      "locked_url": "https://github.com/flox/nixpkgs?rev=30e2e2857ba47844aa71991daa6ed1fc678bcbb7",
      "name": "go-1.24.4",
      "pname": "go",
      "rev": "30e2e2857ba47844aa71991daa6ed1fc678bcbb7",
      "rev_count": 822156,
      "rev_date": "2025-06-27T08:03:01Z",
      "scrape_date": "2025-06-29T06:00:03.376794Z",
      "stabilities": [
        "unstable"
      ],
      "unfree": false,
      "version": "1.24.4",
      "outputs_to_install": [
        "out"
      ],
      "outputs": {
        "out": "/nix/store/mdn9hnvf0qmxywbrpbywmxww2adxdn5v-go-1.24.4"
      },
      "system": "x86_64-linux",
      "group": "toplevel",
      "priority": 5
    },
    {
      "attr_path": "httpie",
      "broken": false,
      "derivation": "/nix/store/mqkqr0icq7nnyljhjg1zliybryshcfml-python3.13-httpie-3.2.4.drv",
      "description": "Command line HTTP client whose goal is to make CLI human-friendly",
      "install_id": "httpie",
      "license": "BSD-3-Clause",
      "locked_url": "https://github.com/flox/nixpkgs?rev=30e2e2857ba47844aa71991daa6ed1fc678bcbb7",
      "name": "httpie-3.2.4",
      "pname": "httpie",
      "rev": "30e2e2857ba47844aa71991daa6ed1fc678bcbb7",
      "rev_count": 822156,
      "rev_date": "2025-06-27T08:03:01Z",
      "scrape_date": "2025-06-29T04:56:14.817810Z",
      "stabilities": [
        "unstable"
      ],
      "unfree": false,
      "version": "3.2.4",
      "outputs_to_install": [
        "out"
      ],
      "outputs": {
        "dist": "/nix/store/yh60x16ckpcxxwpykmncxwrnk9vwqrxx-python3.13-httpie-3.2.4-dist",
        "out": "/nix/store/gj40gmv0y5i479iiy9rm69j8bkxvjgk1-python3.13-httpie-3.2.4"
      },
      "system": "aarch64-darwin",
      "group": "toplevel",
      "priority": 5
    },
    {
      "attr_path": "httpie",
      "broken": false,
      "derivation": "/nix/store/zp7g2n7krgsxbyiwpwaakmd43m024r60-python3.13-httpie-3.2.4.drv",
      "description": "Command line HTTP client whose goal is to make CLI human-friendly",
      "install_id": "httpie",
      "license": "BSD-3-Clause",
      "locked_url": "https://github.com/flox/nixpkgs?rev=30e2e2857ba47844aa71991daa6ed1fc678bcbb7",
      "name": "httpie-3.2.4",
      "pname": "httpie",
      "rev": "30e2e2857ba47844aa71991daa6ed1fc678bcbb7",
      "rev_count": 822156,
      "rev_date": "2025-06-27T08:03:01Z",
      "scrape_date": "2025-06-29T05:19:55.875210Z",
      "stabilities": [
        "unstable"
      ],
      "unfree": false,
      "version": "3.2.4",
      "outputs_to_install": [
        "out"
      ],
      "outputs": {
        "dist": "/nix/store/cskfg46k44dfsc5pvsg1ci7z7z4p2k6s-python3.13-httpie-3.2.4-dist",
        "out": "/nix/store/74ws7mk8j7jwc0biabazf3k8wbm99cyx-python3.13-httpie-3.2.4"
      },
      "system": "aarch64-linux",
      "group": "toplevel",
      "priority": 5
    },
    {
      "attr_path": "httpie",
      "broken": false,
      "derivation": "/nix/store/fj8njr3nx3knmpxgj0nyci8c9nw7gffh-python3.13-httpie-3.2.4.drv",
      "description": "Command line HTTP client whose goal is to make CLI human-friendly",
      "install_id": "httpie",
      "license": "BSD-3-Clause",
      "locked_url": "https://github.com/flox/nixpkgs?rev=30e2e2857ba47844aa71991daa6ed1fc678bcbb7",
      "name": "httpie-3.2.4",
      "pname": "httpie",
      "rev": "30e2e2857ba47844aa71991daa6ed1fc678bcbb7",
      "rev_count": 822156,
      "rev_date": "2025-06-27T08:03:01Z",
      "scrape_date": "2025-06-29T05:38:13.438161Z",
      "stabilities": [
        "unstable"
      ],
      "unfree": false,
      "version": "3.2.4",
      "outputs_to_install": [
        "out"
      ],
      "outputs": {
        "dist": "/nix/store/8vszprl2mbrsa9fam82fby244hrlljmc-python3.13-httpie-3.2.4-dist",
        "out": "/nix/store/h0dmgsrp2l9rl05xhl0bc87gif7vav8q-python3.13-httpie-3.2.4"
      },
      "system": "x86_64-darwin",
      "group": "toplevel",
      "priority": 5
    },
    {
      "attr_path": "httpie",
      "broken": false,
      "derivation": "/nix/store/m6x30zjnmag62gksdfrsky0f7v1bpb3i-python3.13-httpie-3.2.4.drv",
      "description": "Command line HTTP client whose goal is to make CLI human-friendly",
      "install_id": "httpie",
      "license": "BSD-3-Clause",
      "locked_url": "https://github.com/flox/nixpkgs?rev=30e2e2857ba47844aa71991daa6ed1fc678bcbb7",
      "name": "httpie-3.2.4",
      "pname": "httpie",
      "rev": "30e2e2857ba47844aa71991daa6ed1fc678bcbb7",
      "rev_count": 822156,
      "rev_date": "2025-06-27T08:03:01Z",
      "scrape_date": "2025-06-29T06:00:04.273492Z",
      "stabilities": [
        "unstable"
      ],
      "unfree": false,
      "version": "3.2.4",
      "outputs_to_install": [
        "out"
      ],
      "outputs": {
        "dist": "/nix/store/aj9irg0vqxs94k8v967n6kmddlgni0qf-python3.13-httpie-3.2.4-dist",
        "out": "/nix/store/hdmyiyglh84a6x8mr7l67vs01l2zjnig-python3.13-httpie-3.2.4"
      },
      "system": "x86_64-linux",
      "group": "toplevel",
      "priority": 5
    },
    {
      "attr_path": "kind",
      "broken": false,
      "derivation": "/nix/store/4wrdxbvli3prjvj3h88568p6rjqyd8f6-kind-0.29.0.drv",
      "description": "Kubernetes IN Docker - local clusters for testing Kubernetes",
      "install_id": "kind",
      "license": "Apache-2.0",
      "locked_url": "https://github.com/flox/nixpkgs?rev=30e2e2857ba47844aa71991daa6ed1fc678bcbb7",
      "name": "kind-0.29.0",
      "pname": "kind",
      "rev": "30e2e2857ba47844aa71991daa6ed1fc678bcbb7",
      "rev_count": 822156,
      "rev_date": "2025-06-27T08:03:01Z",
      "scrape_date": "2025-06-29T04:56:15.152450Z",
      "stabilities": [
        "unstable"
      ],
      "unfree": false,
      "version": "0.29.0",
      "outputs_to_install": [
        "out"
      ],
      "outputs": {
        "out": "/nix/store/ndl4z2y9nsn7n5ii7hs49ddg79p2pb6a-kind-0.29.0"
      },
      "system": "aarch64-darwin",
      "group": "toplevel",
      "priority": 5
    },
    {
      "attr_path": "kind",
      "broken": false,
      "derivation": "/nix/store/3idma05d1n6s16qxg4kyz4a6slnm08z1-kind-0.29.0.drv",
      "description": "Kubernetes IN Docker - local clusters for testing Kubernetes",
      "install_id": "kind",
      "license": "Apache-2.0",
      "locked_url": "https://github.com/flox/nixpkgs?rev=30e2e2857ba47844aa71991daa6ed1fc678bcbb7",
      "name": "kind-0.29.0",
      "pname": "kind",
      "rev": "30e2e2857ba47844aa71991daa6ed1fc678bcbb7",
      "rev_count": 822156,
      "rev_date": "2025-06-27T08:03:01Z",
      "scrape_date": "2025-06-29T05:19:56.743132Z",
      "stabilities": [
        "unstable"
      ],
      "unfree": false,
      "version": "0.29.0",
      "outputs_to_install": [
        "out"
      ],
      "outputs": {
        "out": "/nix/store/j9sdb4vkf9ck1kvfy8vvn17cq3a21s6a-kind-0.29.0"
      },
      "system": "aarch64-linux",
      "group": "toplevel",
      "priority": 5
    },
    {
      "attr_path": "kind",
      "broken": false,
      "derivation": "/nix/store/j7lpz7cr3j3wi61c4fn9kv0i1x6j6ixy-kind-0.29.0.drv",
      "description": "Kubernetes IN Docker - local clusters for testing Kubernetes",
      "install_id": "kind",
      "license": "Apache-2.0",
      "locked_url": "https://github.com/flox/nixpkgs?rev=30e2e2857ba47844aa71991daa6ed1fc678bcbb7",
      "name": "kind-0.29.0",
      "pname": "kind",
      "rev": "30e2e2857ba47844aa71991daa6ed1fc678bcbb7",
      "rev_count": 822156,
      "rev_date": "2025-06-27T08:03:01Z",
      "scrape_date": "2025-06-29T05:38:13.768303Z",
      "stabilities": [
        "unstable"
      ],
      "unfree": false,
      "version": "0.29.0",
      "outputs_to_install": [
        "out"
      ],
      "outputs": {
        "out": "/nix/store/161h1s9n2260g2lr3dsjmfczv8gjx5q9-kind-0.29.0"
      },
      "system": "x86_64-darwin",
      "group": "toplevel",
      "priority": 5
    },
    {
      "attr_path": "kind",
      "broken": false,
      "derivation": "/nix/store/l9lhacbdxqjhzjz57any8ydmq9rhf3vj-kind-0.29.0.drv",
      "description": "Kubernetes IN Docker - local clusters for testing Kubernetes",
      "install_id": "kind",
      "license": "Apache-2.0",
      "locked_url": "https://github.com/flox/nixpkgs?rev=30e2e2857ba47844aa71991daa6ed1fc678bcbb7",
      "name": "kind-0.29.0",
      "pname": "kind",
      "rev": "30e2e2857ba47844aa71991daa6ed1fc678bcbb7",
      "rev_count": 822156,
      "rev_date": "2025-06-27T08:03:01Z",
      "scrape_date": "2025-06-29T06:00:05.223148Z",
      "stabilities": [
        "unstable"
      ],
      "unfree": false,
      "version": "0.29.0",
      "outputs_to_install": [
        "out"
      ],
      "outputs": {
        "out": "/nix/store/swafyrx3qn2xjdz3sp7dy8pg7bxpfn3h-kind-0.29.0"
      },
      "system": "x86_64-linux",
      "group": "toplevel",
      "priority": 5
    },
    {
      "attr_path": "kn",
      "broken": false,
      "derivation": "/nix/store/q9nnrlazxz7xh0jpqj560glcs1lnkvby-kn-1.18.0.drv",
      "description": "Create Knative resources interactively from the command line or from within scripts",
      "install_id": "kn",
      "license": "Apache-2.0",
      "locked_url": "https://github.com/flox/nixpkgs?rev=30e2e2857ba47844aa71991daa6ed1fc678bcbb7",
      "name": "kn-1.18.0",
      "pname": "kn",
      "rev": "30e2e2857ba47844aa71991daa6ed1fc678bcbb7",
      "rev_count": 822156,
      "rev_date": "2025-06-27T08:03:01Z",
      "scrape_date": "2025-06-29T04:56:15.160535Z",
      "stabilities": [
        "unstable"
      ],
      "unfree": false,
      "version": "1.18.0",
      "outputs_to_install": [
        "out"
      ],
      "outputs": {
        "out": "/nix/store/rwbcz3jj4fy3ffvpbxi3hccqdcxpxs1m-kn-1.18.0"
      },
      "system": "aarch64-darwin",
      "group": "toplevel",
      "priority": 5
    },
    {
      "attr_path": "kn",
      "broken": false,
      "derivation": "/nix/store/n0a0jbnm792dkaxfyyk2k7ghzxpalylx-kn-1.18.0.drv",
      "description": "Create Knative resources interactively from the command line or from within scripts",
      "install_id": "kn",
      "license": "Apache-2.0",
      "locked_url": "https://github.com/flox/nixpkgs?rev=30e2e2857ba47844aa71991daa6ed1fc678bcbb7",
      "name": "kn-1.18.0",
      "pname": "kn",
      "rev": "30e2e2857ba47844aa71991daa6ed1fc678bcbb7",
      "rev_count": 822156,
      "rev_date": "2025-06-27T08:03:01Z",
      "scrape_date": "2025-06-29T05:19:56.767833Z",
      "stabilities": [
        "unstable"
      ],
      "unfree": false,
      "version": "1.18.0",
      "outputs_to_install": [
        "out"
      ],
      "outputs": {
        "out": "/nix/store/7ipg3sl15x2d8qx4db6cf55283w22j9k-kn-1.18.0"
      },
      "system": "aarch64-linux",
      "group": "toplevel",
      "priority": 5
    },
    {
      "attr_path": "kn",
      "broken": false,
      "derivation": "/nix/store/smfjxfssx89x59d9r7nlkwiyxxx1xfz5-kn-1.18.0.drv",
      "description": "Create Knative resources interactively from the command line or from within scripts",
      "install_id": "kn",
      "license": "Apache-2.0",
      "locked_url": "https://github.com/flox/nixpkgs?rev=30e2e2857ba47844aa71991daa6ed1fc678bcbb7",
      "name": "kn-1.18.0",
      "pname": "kn",
      "rev": "30e2e2857ba47844aa71991daa6ed1fc678bcbb7",
      "rev_count": 822156,
      "rev_date": "2025-06-27T08:03:01Z",
      "scrape_date": "2025-06-29T05:38:13.776381Z",
      "stabilities": [
        "unstable"
      ],
      "unfree": false,
      "version": "1.18.0",
      "outputs_to_install": [
        "out"
      ],
      "outputs": {
        "out": "/nix/store/1v2i5nh3m7igaiscgkmj9s5bb9j098qh-kn-1.18.0"
      },
      "system": "x86_64-darwin",
      "group": "toplevel",
      "priority": 5
    },
    {
      "attr_path": "kn",
      "broken": false,
      "derivation": "/nix/store/1x18giara9776nzkxmmqhcflgnmvbnvg-kn-1.18.0.drv",
      "description": "Create Knative resources interactively from the command line or from within scripts",
      "install_id": "kn",
      "license": "Apache-2.0",
      "locked_url": "https://github.com/flox/nixpkgs?rev=30e2e2857ba47844aa71991daa6ed1fc678bcbb7",
      "name": "kn-1.18.0",
      "pname": "kn",
      "rev": "30e2e2857ba47844aa71991daa6ed1fc678bcbb7",
      "rev_count": 822156,
      "rev_date": "2025-06-27T08:03:01Z",
      "scrape_date": "2025-06-29T06:00:05.251182Z",
      "stabilities": [
        "unstable"
      ],
      "unfree": false,
      "version": "1.18.0",
      "outputs_to_install": [
        "out"
      ],
      "outputs": {
        "out": "/nix/store/4x2q0as5jhk24dzcd3agpc7kh909s09h-kn-1.18.0"
      },
      "system": "x86_64-linux",
      "group": "toplevel",
      "priority": 5
    },
    {
      "attr_path": "kubectl",
      "broken": false,
      "derivation": "/nix/store/ydmv9w0vpnj2xdycnbbgnxicd4q1yq6z-kubectl-1.33.2.drv",
      "description": "Kubernetes CLI",
      "install_id": "kubectl",
      "license": "Apache-2.0",
      "locked_url": "https://github.com/flox/nixpkgs?rev=30e2e2857ba47844aa71991daa6ed1fc678bcbb7",
      "name": "kubectl-1.33.2",
      "pname": "kubectl",
      "rev": "30e2e2857ba47844aa71991daa6ed1fc678bcbb7",
      "rev_count": 822156,
      "rev_date": "2025-06-27T08:03:01Z",
      "scrape_date": "2025-06-29T04:56:15.212112Z",
      "stabilities": [
        "unstable"
      ],
      "unfree": false,
      "version": "1.33.2",
      "outputs_to_install": [
        "man",
        "out"
      ],
      "outputs": {
        "convert": "/nix/store/gv3hrpka75q4b7alipw8l17nfl3x8zsy-kubectl-1.33.2-convert",
        "man": "/nix/store/ak2m30yf18kkqmaya0ydpdjwn0zsxc4n-kubectl-1.33.2-man",
        "out": "/nix/store/3wkf3fdmr0fih985wfys1ww50bc3h7rw-kubectl-1.33.2"
      },
      "system": "aarch64-darwin",
      "group": "toplevel",
      "priority": 5
    },
    {
      "attr_path": "kubectl",
      "broken": false,
      "derivation": "/nix/store/81nbrdqvfbdf91bpq83wyq904366dc2n-kubectl-1.33.2.drv",
      "description": "Kubernetes CLI",
      "install_id": "kubectl",
      "license": "Apache-2.0",
      "locked_url": "https://github.com/flox/nixpkgs?rev=30e2e2857ba47844aa71991daa6ed1fc678bcbb7",
      "name": "kubectl-1.33.2",
      "pname": "kubectl",
      "rev": "30e2e2857ba47844aa71991daa6ed1fc678bcbb7",
      "rev_count": 822156,
      "rev_date": "2025-06-27T08:03:01Z",
      "scrape_date": "2025-06-29T05:19:56.879554Z",
      "stabilities": [
        "unstable"
      ],
      "unfree": false,
      "version": "1.33.2",
      "outputs_to_install": [
        "man",
        "out"
      ],
      "outputs": {
        "convert": "/nix/store/i6z2z31ys86fgv2d5hg1pqjkaxiz4nj4-kubectl-1.33.2-convert",
        "man": "/nix/store/5dks8ys8p6gxbihncwrsv14g7k57cqki-kubectl-1.33.2-man",
        "out": "/nix/store/3kami7n1lmlnmsxkb9rw5wi5ifrxsspq-kubectl-1.33.2"
      },
      "system": "aarch64-linux",
      "group": "toplevel",
      "priority": 5
    },
    {
      "attr_path": "kubectl",
      "broken": false,
      "derivation": "/nix/store/5hwysh5swzhm1gf3a2j1fv3blz5qx7x3-kubectl-1.33.2.drv",
      "description": "Kubernetes CLI",
      "install_id": "kubectl",
      "license": "Apache-2.0",
      "locked_url": "https://github.com/flox/nixpkgs?rev=30e2e2857ba47844aa71991daa6ed1fc678bcbb7",
      "name": "kubectl-1.33.2",
      "pname": "kubectl",
      "rev": "30e2e2857ba47844aa71991daa6ed1fc678bcbb7",
      "rev_count": 822156,
      "rev_date": "2025-06-27T08:03:01Z",
      "scrape_date": "2025-06-29T05:38:13.827563Z",
      "stabilities": [
        "unstable"
      ],
      "unfree": false,
      "version": "1.33.2",
      "outputs_to_install": [
        "man",
        "out"
      ],
      "outputs": {
        "convert": "/nix/store/06waawlgkz5sf3l1kmq2zghks2rh32sf-kubectl-1.33.2-convert",
        "man": "/nix/store/hna89iqmim83bv2k7jv8rn51s1r0gn0s-kubectl-1.33.2-man",
        "out": "/nix/store/hxsqda44nbnpmmnycxj01pgaf8npdlbf-kubectl-1.33.2"
      },
      "system": "x86_64-darwin",
      "group": "toplevel",
      "priority": 5
    },
    {
      "attr_path": "kubectl",
      "broken": false,
      "derivation": "/nix/store/57agn0py1mxrvp1p9wmwl2ndcw7p7rvn-kubectl-1.33.2.drv",
      "description": "Kubernetes CLI",
      "install_id": "kubectl",
      "license": "Apache-2.0",
      "locked_url": "https://github.com/flox/nixpkgs?rev=30e2e2857ba47844aa71991daa6ed1fc678bcbb7",
      "name": "kubectl-1.33.2",
      "pname": "kubectl",
      "rev": "30e2e2857ba47844aa71991daa6ed1fc678bcbb7",
      "rev_count": 822156,
      "rev_date": "2025-06-27T08:03:01Z",
      "scrape_date": "2025-06-29T06:00:05.370599Z",
      "stabilities": [
        "unstable"
      ],
      "unfree": false,
      "version": "1.33.2",
      "outputs_to_install": [
        "man",
        "out"
      ],
      "outputs": {
        "convert": "/nix/store/1c8nqwzjdxykbq49sgb8wpba6w2j0qx7-kubectl-1.33.2-convert",
        "man": "/nix/store/1dlk3sma52pi5zzklqk6kgn1cq9fmlia-kubectl-1.33.2-man",
        "out": "/nix/store/17hz4mgnd2s1x48x5plyg63q46xprywp-kubectl-1.33.2"
      },
      "system": "x86_64-linux",
      "group": "toplevel",
      "priority": 5
    },
    {
      "attr_path": "kubectx",
      "broken": false,
      "derivation": "/nix/store/ydc3mm11ppzqcj9j6vyy09343yzdywp5-kubectx-0.9.5.drv",
      "description": "Fast way to switch between clusters and namespaces in kubectl!",
      "install_id": "kubectx",
      "license": "Apache-2.0",
      "locked_url": "https://github.com/flox/nixpkgs?rev=30e2e2857ba47844aa71991daa6ed1fc678bcbb7",
      "name": "kubectx-0.9.5",
      "pname": "kubectx",
      "rev": "30e2e2857ba47844aa71991daa6ed1fc678bcbb7",
      "rev_count": 822156,
      "rev_date": "2025-06-27T08:03:01Z",
      "scrape_date": "2025-06-29T04:56:15.219404Z",
      "stabilities": [
        "unstable"
      ],
      "unfree": false,
      "version": "0.9.5",
      "outputs_to_install": [
        "out"
      ],
      "outputs": {
        "out": "/nix/store/w7949icrjm994qi22pk8xcp0hfskx6li-kubectx-0.9.5"
      },
      "system": "aarch64-darwin",
      "group": "toplevel",
      "priority": 5
    },
    {
      "attr_path": "kubectx",
      "broken": false,
      "derivation": "/nix/store/wqa9jr2qi8j1kwinvdafp8lgrgxxhdw1-kubectx-0.9.5.drv",
      "description": "Fast way to switch between clusters and namespaces in kubectl!",
      "install_id": "kubectx",
      "license": "Apache-2.0",
      "locked_url": "https://github.com/flox/nixpkgs?rev=30e2e2857ba47844aa71991daa6ed1fc678bcbb7",
      "name": "kubectx-0.9.5",
      "pname": "kubectx",
      "rev": "30e2e2857ba47844aa71991daa6ed1fc678bcbb7",
      "rev_count": 822156,
      "rev_date": "2025-06-27T08:03:01Z",
      "scrape_date": "2025-06-29T05:19:56.890276Z",
      "stabilities": [
        "unstable"
      ],
      "unfree": false,
      "version": "0.9.5",
      "outputs_to_install": [
        "out"
      ],
      "outputs": {
        "out": "/nix/store/4jb2z3082ysdviwz900bmh5sq9la44ac-kubectx-0.9.5"
      },
      "system": "aarch64-linux",
      "group": "toplevel",
      "priority": 5
    },
    {
      "attr_path": "kubectx",
      "broken": false,
      "derivation": "/nix/store/w41gbf7jml17p9jkl7fn8hwq7mzan3bq-kubectx-0.9.5.drv",
      "description": "Fast way to switch between clusters and namespaces in kubectl!",
      "install_id": "kubectx",
      "license": "Apache-2.0",
      "locked_url": "https://github.com/flox/nixpkgs?rev=30e2e2857ba47844aa71991daa6ed1fc678bcbb7",
      "name": "kubectx-0.9.5",
      "pname": "kubectx",
      "rev": "30e2e2857ba47844aa71991daa6ed1fc678bcbb7",
      "rev_count": 822156,
      "rev_date": "2025-06-27T08:03:01Z",
      "scrape_date": "2025-06-29T05:38:13.834827Z",
      "stabilities": [
        "unstable"
      ],
      "unfree": false,
      "version": "0.9.5",
      "outputs_to_install": [
        "out"
      ],
      "outputs": {
        "out": "/nix/store/fy26phdipc1m2cgb8ar653x04zj23hvs-kubectx-0.9.5"
      },
      "system": "x86_64-darwin",
      "group": "toplevel",
      "priority": 5
    },
    {
      "attr_path": "kubectx",
      "broken": false,
      "derivation": "/nix/store/nhsacbhypmz56yvws7hk9dfcz0ddxlyy-kubectx-0.9.5.drv",
      "description": "Fast way to switch between clusters and namespaces in kubectl!",
      "install_id": "kubectx",
      "license": "Apache-2.0",
      "locked_url": "https://github.com/flox/nixpkgs?rev=30e2e2857ba47844aa71991daa6ed1fc678bcbb7",
      "name": "kubectx-0.9.5",
      "pname": "kubectx",
      "rev": "30e2e2857ba47844aa71991daa6ed1fc678bcbb7",
      "rev_count": 822156,
      "rev_date": "2025-06-27T08:03:01Z",
      "scrape_date": "2025-06-29T06:00:05.381898Z",
      "stabilities": [
        "unstable"
      ],
      "unfree": false,
      "version": "0.9.5",
      "outputs_to_install": [
        "out"
      ],
      "outputs": {
        "out": "/nix/store/p4qk35maqgkk6r5jsq20s6v2gmn0q58h-kubectx-0.9.5"
      },
      "system": "x86_64-linux",
      "group": "toplevel",
      "priority": 5
    },
    {
      "attr_path": "kubernetes-helm",
      "broken": false,
      "derivation": "/nix/store/0ap9j4nnq93j1v3lj0wh06zqjzmfp6a2-kubernetes-helm-3.18.3.drv",
      "description": "Package manager for kubernetes",
      "install_id": "kubernetes-helm",
      "license": "Apache-2.0",
      "locked_url": "https://github.com/flox/nixpkgs?rev=30e2e2857ba47844aa71991daa6ed1fc678bcbb7",
      "name": "kubernetes-helm-3.18.3",
      "pname": "kubernetes-helm",
      "rev": "30e2e2857ba47844aa71991daa6ed1fc678bcbb7",
      "rev_count": 822156,
      "rev_date": "2025-06-27T08:03:01Z",
      "scrape_date": "2025-06-29T04:56:15.225445Z",
      "stabilities": [
        "unstable"
      ],
      "unfree": false,
      "version": "3.18.3",
      "outputs_to_install": [
        "out"
      ],
      "outputs": {
        "out": "/nix/store/pq4scdg2cz3pxv1v8l89xsbx5ca7i48d-kubernetes-helm-3.18.3"
      },
      "system": "aarch64-darwin",
      "group": "toplevel",
      "priority": 5
    },
    {
      "attr_path": "kubernetes-helm",
      "broken": false,
      "derivation": "/nix/store/i3h122yqp0zp7h481amwihwi99glcq71-kubernetes-helm-3.18.3.drv",
      "description": "Package manager for kubernetes",
      "install_id": "kubernetes-helm",
      "license": "Apache-2.0",
      "locked_url": "https://github.com/flox/nixpkgs?rev=30e2e2857ba47844aa71991daa6ed1fc678bcbb7",
      "name": "kubernetes-helm-3.18.3",
      "pname": "kubernetes-helm",
      "rev": "30e2e2857ba47844aa71991daa6ed1fc678bcbb7",
      "rev_count": 822156,
      "rev_date": "2025-06-27T08:03:01Z",
      "scrape_date": "2025-06-29T05:19:56.899583Z",
      "stabilities": [
        "unstable"
      ],
      "unfree": false,
      "version": "3.18.3",
      "outputs_to_install": [
        "out"
      ],
      "outputs": {
        "out": "/nix/store/v4p0yq3dc21dhh8mlws3dwlqqk74a4f8-kubernetes-helm-3.18.3"
      },
      "system": "aarch64-linux",
      "group": "toplevel",
      "priority": 5
    },
    {
      "attr_path": "kubernetes-helm",
      "broken": false,
      "derivation": "/nix/store/yanzywrrn1xr4v3xm15gzqhq5c0i3bm5-kubernetes-helm-3.18.3.drv",
      "description": "Package manager for kubernetes",
      "install_id": "kubernetes-helm",
      "license": "Apache-2.0",
      "locked_url": "https://github.com/flox/nixpkgs?rev=30e2e2857ba47844aa71991daa6ed1fc678bcbb7",
      "name": "kubernetes-helm-3.18.3",
      "pname": "kubernetes-helm",
      "rev": "30e2e2857ba47844aa71991daa6ed1fc678bcbb7",
      "rev_count": 822156,
      "rev_date": "2025-06-27T08:03:01Z",
      "scrape_date": "2025-06-29T05:38:13.840845Z",
      "stabilities": [
        "unstable"
      ],
      "unfree": false,
      "version": "3.18.3",
      "outputs_to_install": [
        "out"
      ],
      "outputs": {
        "out": "/nix/store/6000mdd9sz6yqax9wd2qz451qj13bmip-kubernetes-helm-3.18.3"
      },
      "system": "x86_64-darwin",
      "group": "toplevel",
      "priority": 5
    },
    {
      "attr_path": "kubernetes-helm",
      "broken": false,
      "derivation": "/nix/store/snzvrk6cs4mcqnlv5pdzip1bky7pirjh-kubernetes-helm-3.18.3.drv",
      "description": "Package manager for kubernetes",
      "install_id": "kubernetes-helm",
      "license": "Apache-2.0",
      "locked_url": "https://github.com/flox/nixpkgs?rev=30e2e2857ba47844aa71991daa6ed1fc678bcbb7",
      "name": "kubernetes-helm-3.18.3",
      "pname": "kubernetes-helm",
      "rev": "30e2e2857ba47844aa71991daa6ed1fc678bcbb7",
      "rev_count": 822156,
      "rev_date": "2025-06-27T08:03:01Z",
      "scrape_date": "2025-06-29T06:00:05.391716Z",
      "stabilities": [
        "unstable"
      ],
      "unfree": false,
      "version": "3.18.3",
      "outputs_to_install": [
        "out"
      ],
      "outputs": {
        "out": "/nix/store/r1r9fz9nf0yniwqc2b51zi36cz4d7ala-kubernetes-helm-3.18.3"
      },
      "system": "x86_64-linux",
      "group": "toplevel",
      "priority": 5
    },
    {
      "attr_path": "kustomize",
      "broken": false,
      "derivation": "/nix/store/phsl2mf75wv55n55js197vb7szrbcqz8-kustomize-5.6.0.drv",
      "description": "Customization of kubernetes YAML configurations",
      "install_id": "kustomize",
      "license": "Apache-2.0",
      "locked_url": "https://github.com/flox/nixpkgs?rev=30e2e2857ba47844aa71991daa6ed1fc678bcbb7",
      "name": "kustomize-5.6.0",
      "pname": "kustomize",
      "rev": "30e2e2857ba47844aa71991daa6ed1fc678bcbb7",
      "rev_count": 822156,
      "rev_date": "2025-06-27T08:03:01Z",
      "scrape_date": "2025-06-29T04:56:15.239515Z",
      "stabilities": [
        "unstable"
      ],
      "unfree": false,
      "version": "5.6.0",
      "outputs_to_install": [
        "out"
      ],
      "outputs": {
        "out": "/nix/store/j3fhq0sjgibzg128f55sa7yyxs26qiik-kustomize-5.6.0"
      },
      "system": "aarch64-darwin",
      "group": "toplevel",
      "priority": 5
    },
    {
      "attr_path": "kustomize",
      "broken": false,
      "derivation": "/nix/store/fkmr37lw2hh94g3mxzks031hvci59l6g-kustomize-5.6.0.drv",
      "description": "Customization of kubernetes YAML configurations",
      "install_id": "kustomize",
      "license": "Apache-2.0",
      "locked_url": "https://github.com/flox/nixpkgs?rev=30e2e2857ba47844aa71991daa6ed1fc678bcbb7",
      "name": "kustomize-5.6.0",
      "pname": "kustomize",
      "rev": "30e2e2857ba47844aa71991daa6ed1fc678bcbb7",
      "rev_count": 822156,
      "rev_date": "2025-06-27T08:03:01Z",
      "scrape_date": "2025-06-29T05:19:56.921624Z",
      "stabilities": [
        "unstable"
      ],
      "unfree": false,
      "version": "5.6.0",
      "outputs_to_install": [
        "out"
      ],
      "outputs": {
        "out": "/nix/store/li5cccrjxgig3jqaycrrbzs7n6xwvpqp-kustomize-5.6.0"
      },
      "system": "aarch64-linux",
      "group": "toplevel",
      "priority": 5
    },
    {
      "attr_path": "kustomize",
      "broken": false,
      "derivation": "/nix/store/3f447a5nc7w5slmpjcgi7gmnhi3hplkd-kustomize-5.6.0.drv",
      "description": "Customization of kubernetes YAML configurations",
      "install_id": "kustomize",
      "license": "Apache-2.0",
      "locked_url": "https://github.com/flox/nixpkgs?rev=30e2e2857ba47844aa71991daa6ed1fc678bcbb7",
      "name": "kustomize-5.6.0",
      "pname": "kustomize",
      "rev": "30e2e2857ba47844aa71991daa6ed1fc678bcbb7",
      "rev_count": 822156,
      "rev_date": "2025-06-27T08:03:01Z",
      "scrape_date": "2025-06-29T05:38:13.854760Z",
      "stabilities": [
        "unstable"
      ],
      "unfree": false,
      "version": "5.6.0",
      "outputs_to_install": [
        "out"
      ],
      "outputs": {
        "out": "/nix/store/3sa5673n6ah9fry8yzz94fscqjk8xxb4-kustomize-5.6.0"
      },
      "system": "x86_64-darwin",
      "group": "toplevel",
      "priority": 5
    },
    {
      "attr_path": "kustomize",
      "broken": false,
      "derivation": "/nix/store/ixyv7bf3sb3yijvwkkvwx6gb0a1qmb8l-kustomize-5.6.0.drv",
      "description": "Customization of kubernetes YAML configurations",
      "install_id": "kustomize",
      "license": "Apache-2.0",
      "locked_url": "https://github.com/flox/nixpkgs?rev=30e2e2857ba47844aa71991daa6ed1fc678bcbb7",
      "name": "kustomize-5.6.0",
      "pname": "kustomize",
      "rev": "30e2e2857ba47844aa71991daa6ed1fc678bcbb7",
      "rev_count": 822156,
      "rev_date": "2025-06-27T08:03:01Z",
      "scrape_date": "2025-06-29T06:00:05.414905Z",
      "stabilities": [
        "unstable"
      ],
      "unfree": false,
      "version": "5.6.0",
      "outputs_to_install": [
        "out"
      ],
      "outputs": {
        "out": "/nix/store/vkaya31s09dj8xyy9xyrjqwgaixjq160-kustomize-5.6.0"
      },
      "system": "x86_64-linux",
      "group": "toplevel",
      "priority": 5
    },
    {
      "attr_path": "pack",
      "broken": false,
      "derivation": "/nix/store/s668vj2j0gry6r0z9phy1b8w6gk0mc2h-pack-0.37.0.drv",
      "description": "CLI for building apps using Cloud Native Buildpacks",
      "install_id": "pack",
      "license": "Apache-2.0",
      "locked_url": "https://github.com/flox/nixpkgs?rev=30e2e2857ba47844aa71991daa6ed1fc678bcbb7",
      "name": "pack-0.37.0",
      "pname": "pack",
      "rev": "30e2e2857ba47844aa71991daa6ed1fc678bcbb7",
      "rev_count": 822156,
      "rev_date": "2025-06-27T08:03:01Z",
      "scrape_date": "2025-06-29T04:56:18.113005Z",
      "stabilities": [
        "unstable"
      ],
      "unfree": false,
      "version": "0.37.0",
      "outputs_to_install": [
        "out"
      ],
      "outputs": {
        "out": "/nix/store/1r9gzplj1fw4dgspb3w7w066akphwy9a-pack-0.37.0"
      },
      "system": "aarch64-darwin",
      "group": "toplevel",
      "priority": 5
    },
    {
      "attr_path": "pack",
      "broken": false,
      "derivation": "/nix/store/7pf11ys9mhbwbrypg41rfsm3ap6fl295-pack-0.37.0.drv",
      "description": "CLI for building apps using Cloud Native Buildpacks",
      "install_id": "pack",
      "license": "Apache-2.0",
      "locked_url": "https://github.com/flox/nixpkgs?rev=30e2e2857ba47844aa71991daa6ed1fc678bcbb7",
      "name": "pack-0.37.0",
      "pname": "pack",
      "rev": "30e2e2857ba47844aa71991daa6ed1fc678bcbb7",
      "rev_count": 822156,
      "rev_date": "2025-06-27T08:03:01Z",
      "scrape_date": "2025-06-29T05:20:06.201252Z",
      "stabilities": [
        "unstable"
      ],
      "unfree": false,
      "version": "0.37.0",
      "outputs_to_install": [
        "out"
      ],
      "outputs": {
        "out": "/nix/store/61rhirrj9rib3w361p7x6f0djwd35n9g-pack-0.37.0"
      },
      "system": "aarch64-linux",
      "group": "toplevel",
      "priority": 5
    },
    {
      "attr_path": "pack",
      "broken": false,
      "derivation": "/nix/store/ba9006h75bgwr7n464dfw8nnlcxsk2cd-pack-0.37.0.drv",
      "description": "CLI for building apps using Cloud Native Buildpacks",
      "install_id": "pack",
      "license": "Apache-2.0",
      "locked_url": "https://github.com/flox/nixpkgs?rev=30e2e2857ba47844aa71991daa6ed1fc678bcbb7",
      "name": "pack-0.37.0",
      "pname": "pack",
      "rev": "30e2e2857ba47844aa71991daa6ed1fc678bcbb7",
      "rev_count": 822156,
      "rev_date": "2025-06-27T08:03:01Z",
      "scrape_date": "2025-06-29T05:38:16.665622Z",
      "stabilities": [
        "unstable"
      ],
      "unfree": false,
      "version": "0.37.0",
      "outputs_to_install": [
        "out"
      ],
      "outputs": {
        "out": "/nix/store/9y61snhqd88bvm154lvm9zljnbiaqws3-pack-0.37.0"
      },
      "system": "x86_64-darwin",
      "group": "toplevel",
      "priority": 5
    },
    {
      "attr_path": "pack",
      "broken": false,
      "derivation": "/nix/store/wk9y914k9210m1a01cipqq7ls6bjyplk-pack-0.37.0.drv",
      "description": "CLI for building apps using Cloud Native Buildpacks",
      "install_id": "pack",
      "license": "Apache-2.0",
      "locked_url": "https://github.com/flox/nixpkgs?rev=30e2e2857ba47844aa71991daa6ed1fc678bcbb7",
      "name": "pack-0.37.0",
      "pname": "pack",
      "rev": "30e2e2857ba47844aa71991daa6ed1fc678bcbb7",
      "rev_count": 822156,
      "rev_date": "2025-06-27T08:03:01Z",
      "scrape_date": "2025-06-29T06:00:16.724742Z",
      "stabilities": [
        "unstable"
      ],
      "unfree": false,
      "version": "0.37.0",
      "outputs_to_install": [
        "out"
      ],
      "outputs": {
        "out": "/nix/store/0h16d0r4izb76k829sv9b6fvb1sk0iy2-pack-0.37.0"
      },
      "system": "x86_64-linux",
      "group": "toplevel",
      "priority": 5
    },
    {
      "attr_path": "skaffold",
      "broken": false,
      "derivation": "/nix/store/j8vx4p4vjrpp7bhsvm8hjd863ihknpnh-skaffold-2.16.1.drv",
      "description": "Easy and Repeatable Kubernetes Development",
      "install_id": "skaffold",
      "license": "Apache-2.0",
      "locked_url": "https://github.com/flox/nixpkgs?rev=30e2e2857ba47844aa71991daa6ed1fc678bcbb7",
      "name": "skaffold-2.16.1",
      "pname": "skaffold",
      "rev": "30e2e2857ba47844aa71991daa6ed1fc678bcbb7",
      "rev_count": 822156,
      "rev_date": "2025-06-27T08:03:01Z",
      "scrape_date": "2025-06-29T04:56:56.170295Z",
      "stabilities": [
        "unstable"
      ],
      "unfree": false,
      "version": "2.16.1",
      "outputs_to_install": [
        "out"
      ],
      "outputs": {
        "out": "/nix/store/nfybpn0dhscvbdrmqfn7fchmb6z28xg2-skaffold-2.16.1"
      },
      "system": "aarch64-darwin",
      "group": "toplevel",
      "priority": 5
    },
    {
      "attr_path": "skaffold",
      "broken": false,
      "derivation": "/nix/store/18lcjg9vyf2lvswnds2aswp51wadl5qq-skaffold-2.16.1.drv",
      "description": "Easy and Repeatable Kubernetes Development",
      "install_id": "skaffold",
      "license": "Apache-2.0",
      "locked_url": "https://github.com/flox/nixpkgs?rev=30e2e2857ba47844aa71991daa6ed1fc678bcbb7",
      "name": "skaffold-2.16.1",
      "pname": "skaffold",
      "rev": "30e2e2857ba47844aa71991daa6ed1fc678bcbb7",
      "rev_count": 822156,
      "rev_date": "2025-06-27T08:03:01Z",
      "scrape_date": "2025-06-29T05:21:00.351803Z",
      "stabilities": [
        "unstable"
      ],
      "unfree": false,
      "version": "2.16.1",
      "outputs_to_install": [
        "out"
      ],
      "outputs": {
        "out": "/nix/store/dnvnpxi1c32x54sgibhbp571wh1ai6hp-skaffold-2.16.1"
      },
      "system": "aarch64-linux",
      "group": "toplevel",
      "priority": 5
    },
    {
      "attr_path": "skaffold",
      "broken": false,
      "derivation": "/nix/store/ggf5hwbwkfrbibcjw5i2wyn2jkwln5za-skaffold-2.16.1.drv",
      "description": "Easy and Repeatable Kubernetes Development",
      "install_id": "skaffold",
      "license": "Apache-2.0",
      "locked_url": "https://github.com/flox/nixpkgs?rev=30e2e2857ba47844aa71991daa6ed1fc678bcbb7",
      "name": "skaffold-2.16.1",
      "pname": "skaffold",
      "rev": "30e2e2857ba47844aa71991daa6ed1fc678bcbb7",
      "rev_count": 822156,
      "rev_date": "2025-06-27T08:03:01Z",
      "scrape_date": "2025-06-29T05:38:53.661517Z",
      "stabilities": [
        "unstable"
      ],
      "unfree": false,
      "version": "2.16.1",
      "outputs_to_install": [
        "out"
      ],
      "outputs": {
        "out": "/nix/store/06my42wmjj9v69l4241091apch680n56-skaffold-2.16.1"
      },
      "system": "x86_64-darwin",
      "group": "toplevel",
      "priority": 5
    },
    {
      "attr_path": "skaffold",
      "broken": false,
      "derivation": "/nix/store/rk0g8vk2prmpip51npypninx9b8cslyr-skaffold-2.16.1.drv",
      "description": "Easy and Repeatable Kubernetes Development",
      "install_id": "skaffold",
      "license": "Apache-2.0",
      "locked_url": "https://github.com/flox/nixpkgs?rev=30e2e2857ba47844aa71991daa6ed1fc678bcbb7",
      "name": "skaffold-2.16.1",
      "pname": "skaffold",
      "rev": "30e2e2857ba47844aa71991daa6ed1fc678bcbb7",
      "rev_count": 822156,
      "rev_date": "2025-06-27T08:03:01Z",
      "scrape_date": "2025-06-29T06:01:15.188995Z",
      "stabilities": [
        "unstable"
      ],
      "unfree": false,
      "version": "2.16.1",
      "outputs_to_install": [
        "out"
      ],
      "outputs": {
        "out": "/nix/store/s463czklpx90zvj57bk2gpkvms2z2w1q-skaffold-2.16.1"
      },
      "system": "x86_64-linux",
      "group": "toplevel",
      "priority": 5
    },
    {
      "install_id": "vscode-go-flake",
      "locked-url": "github:thomasvitale/vscode-go-flake/41496e4dc3d6969ff933bbcd931d00e607099280?narHash=sha256-1K9DApwVC51A7pwMoNrl7SksR0Mg17/FPvCo7k/C9ng%3D",
      "flake-description": "VSCode with Go extensions",
      "locked-flake-attr-path": "packages.aarch64-darwin.default",
      "derivation": "/nix/store/rxirdnx17n00657xkk057c58ayczkhzc-vscode-with-extensions-1.101.0.drv",
      "outputs": {
        "out": "/nix/store/21ixmxh3vz87vbn53gqzgs07i0nhj6gd-vscode-with-extensions-1.101.0"
      },
      "output-names": [
        "out"
      ],
      "outputs-to-install": [
        "out"
      ],
      "requested-outputs-to-install": [],
      "package-system": "aarch64-darwin",
      "system": "aarch64-darwin",
      "name": "vscode-with-extensions-1.101.0",
      "description": "Open source source code editor developed by Microsoft for Windows,\nLinux and macOS\n",
      "broken": false,
      "unfree": true,
      "priority": 5
    },
    {
      "install_id": "vscode-go-flake",
      "locked-url": "github:thomasvitale/vscode-go-flake/41496e4dc3d6969ff933bbcd931d00e607099280?narHash=sha256-1K9DApwVC51A7pwMoNrl7SksR0Mg17/FPvCo7k/C9ng%3D",
      "flake-description": "VSCode with Go extensions",
      "locked-flake-attr-path": "packages.aarch64-linux.default",
      "derivation": "/nix/store/w29p2wqz9ywgnkaarm72pfsbphrql06b-vscode-with-extensions-1.101.0.drv",
      "outputs": {
        "out": "/nix/store/3v6wn7p6ms3cv1l7g8i35wp9y2p37zh9-vscode-with-extensions-1.101.0"
      },
      "output-names": [
        "out"
      ],
      "outputs-to-install": [
        "out"
      ],
      "requested-outputs-to-install": [],
      "package-system": "aarch64-linux",
      "system": "aarch64-linux",
      "name": "vscode-with-extensions-1.101.0",
      "description": "Open source source code editor developed by Microsoft for Windows,\nLinux and macOS\n",
      "broken": false,
      "unfree": true,
      "priority": 5
    },
    {
      "install_id": "vscode-go-flake",
      "locked-url": "github:thomasvitale/vscode-go-flake/41496e4dc3d6969ff933bbcd931d00e607099280?narHash=sha256-1K9DApwVC51A7pwMoNrl7SksR0Mg17/FPvCo7k/C9ng%3D",
      "flake-description": "VSCode with Go extensions",
      "locked-flake-attr-path": "packages.x86_64-darwin.default",
      "derivation": "/nix/store/bl5w04pmawvrxg6yqjm8ficmsi4dxqwv-vscode-with-extensions-1.101.0.drv",
      "outputs": {
        "out": "/nix/store/kzm9vfzqy6djkjmxcrswf984nc0plsaj-vscode-with-extensions-1.101.0"
      },
      "output-names": [
        "out"
      ],
      "outputs-to-install": [
        "out"
      ],
      "requested-outputs-to-install": [],
      "package-system": "x86_64-darwin",
      "system": "x86_64-darwin",
      "name": "vscode-with-extensions-1.101.0",
      "description": "Open source source code editor developed by Microsoft for Windows,\nLinux and macOS\n",
      "broken": false,
      "unfree": true,
      "priority": 5
    },
    {
      "install_id": "vscode-go-flake",
      "locked-url": "github:thomasvitale/vscode-go-flake/41496e4dc3d6969ff933bbcd931d00e607099280?narHash=sha256-1K9DApwVC51A7pwMoNrl7SksR0Mg17/FPvCo7k/C9ng%3D",
      "flake-description": "VSCode with Go extensions",
      "locked-flake-attr-path": "packages.x86_64-linux.default",
      "derivation": "/nix/store/1a57ympsa4x8rkcdmql8shsv98g9r1j4-vscode-with-extensions-1.101.0.drv",
      "outputs": {
        "out": "/nix/store/k8bl5hsl7xmbzydgs8m6h2d6gis4fa2l-vscode-with-extensions-1.101.0"
      },
      "output-names": [
        "out"
      ],
      "outputs-to-install": [
        "out"
      ],
      "requested-outputs-to-install": [],
      "package-system": "x86_64-linux",
      "system": "x86_64-linux",
      "name": "vscode-with-extensions-1.101.0",
      "description": "Open source source code editor developed by Microsoft for Windows,\nLinux and macOS\n",
      "broken": false,
      "unfree": true,
      "priority": 5
    }
  ]
}