{
  "lockfile-version": 1,
  "manifest": {
    "version": 1,
    "install": {
      "crane": {
        "pkg-path": "crane"
      },
      "graalvm-ce": {
        "pkg-path": "graalvm-ce",
        "version": "24.0.1"
      },
      "httpie": {
        "pkg-path": "httpie"
      },
      "kind": {
        "pkg-path": "kind"
      },
      "kn": {
        "pkg-path": "kn"
      },
      "kubectl": {
        "pkg-path": "kubectl"
      },
      "kubectx": {
        "pkg-path": "kubectx"
      },
      "kubernetes-helm": {
        "pkg-path": "kubernetes-helm"
      },
      "kustomize": {
        "pkg-path": "kustomize"
      },
      "pack": {
        "pkg-path": "pack"
      },
      "skaffold": {
        "pkg-path": "skaffold"
      },
      "vscode-java-flake": {
        "flake": "github:thomasvitale/vscode-java-flake"
      }
    },
    "vars": {
      "FLOX_DISABLE_METRICS": "true"
    },
    "options": {
      "systems": [
        "aarch64-darwin",
        "aarch64-linux",
        "x86_64-darwin",
        "x86_64-linux"
      ]
    }
  },
  "packages": [
    {
      "attr_path": "crane",
      "broken": false,
      "derivation": "/nix/store/p1ghdlcqh29n0fk6f5zwmwrlbh0jrphd-go-containerregistry-0.20.6.drv",
      "description": "Tools for interacting with remote images and registries including crane and gcrane",
      "install_id": "crane",
      "license": "Apache-2.0",
      "locked_url": "https://github.com/flox/nixpkgs?rev=94def634a20494ee057c76998843c015909d6311",
      "name": "go-containerregistry-0.20.6",
      "pname": "crane",
      "rev": "94def634a20494ee057c76998843c015909d6311",
      "rev_count": 837094,
      "rev_date": "2025-07-31T05:30:45Z",
      "scrape_date": "2025-08-02T00:29:08.480003Z",
      "stabilities": [
        "unstable"
      ],
      "unfree": false,
      "version": "0.20.6",
      "outputs_to_install": [
        "out"
      ],
      "outputs": {
        "crane": "/nix/store/dndr25rzfh8vfs9hlga6dsg8ghsk82fp-go-containerregistry-0.20.6-crane",
        "gcrane": "/nix/store/xgjdy084b69w0giribsbbc60qv4dsyy5-go-containerregistry-0.20.6-gcrane",
        "out": "/nix/store/y1p73c1xxrnfi57i6axsryi4r7prwyhw-go-containerregistry-0.20.6"
      },
      "system": "aarch64-darwin",
      "group": "toplevel",
      "priority": 5
    },
    {
      "attr_path": "crane",
      "broken": false,
      "derivation": "/nix/store/qqr04910r4dabwpa7f8g56yzhcqx5s59-go-containerregistry-0.20.6.drv",
      "description": "Tools for interacting with remote images and registries including crane and gcrane",
      "install_id": "crane",
      "license": "Apache-2.0",
      "locked_url": "https://github.com/flox/nixpkgs?rev=94def634a20494ee057c76998843c015909d6311",
      "name": "go-containerregistry-0.20.6",
      "pname": "crane",
      "rev": "94def634a20494ee057c76998843c015909d6311",
      "rev_count": 837094,
      "rev_date": "2025-07-31T05:30:45Z",
      "scrape_date": "2025-08-02T00:49:18.770050Z",
      "stabilities": [
        "unstable"
      ],
      "unfree": false,
      "version": "0.20.6",
      "outputs_to_install": [
        "out"
      ],
      "outputs": {
        "crane": "/nix/store/31m65j17748db2mnbhynh5n03f9hw05w-go-containerregistry-0.20.6-crane",
        "gcrane": "/nix/store/c8gd85caa9yhrjg58gwbrxx6g9c0caj1-go-containerregistry-0.20.6-gcrane",
        "out": "/nix/store/pb6p4mmrg1kzx4ahw58kk7nq4vb936cx-go-containerregistry-0.20.6"
      },
      "system": "aarch64-linux",
      "group": "toplevel",
      "priority": 5
    },
    {
      "attr_path": "crane",
      "broken": false,
      "derivation": "/nix/store/20ny1kkhf9cvr153pwi51s40jvr5drm2-go-containerregistry-0.20.6.drv",
      "description": "Tools for interacting with remote images and registries including crane and gcrane",
      "install_id": "crane",
      "license": "Apache-2.0",
      "locked_url": "https://github.com/flox/nixpkgs?rev=94def634a20494ee057c76998843c015909d6311",
      "name": "go-containerregistry-0.20.6",
      "pname": "crane",
      "rev": "94def634a20494ee057c76998843c015909d6311",
      "rev_count": 837094,
      "rev_date": "2025-07-31T05:30:45Z",
      "scrape_date": "2025-08-02T01:09:24.276218Z",
      "stabilities": [
        "unstable"
      ],
      "unfree": false,
      "version": "0.20.6",
      "outputs_to_install": [
        "out"
      ],
      "outputs": {
        "crane": "/nix/store/wgyvdfym30h2i2a3rp3j9g07awhp730r-go-containerregistry-0.20.6-crane",
        "gcrane": "/nix/store/rlhbwrmn9xwb6hcz1ysagzqpdkc255x1-go-containerregistry-0.20.6-gcrane",
        "out": "/nix/store/5gm583vkyh88210dcras0x8w4z8mlf0c-go-containerregistry-0.20.6"
      },
      "system": "x86_64-darwin",
      "group": "toplevel",
      "priority": 5
    },
    {
      "attr_path": "crane",
      "broken": false,
      "derivation": "/nix/store/mjzdhvk0d8mjwx7x4izid1159b7wlp0s-go-containerregistry-0.20.6.drv",
      "description": "Tools for interacting with remote images and registries including crane and gcrane",
      "install_id": "crane",
      "license": "Apache-2.0",
      "locked_url": "https://github.com/flox/nixpkgs?rev=94def634a20494ee057c76998843c015909d6311",
      "name": "go-containerregistry-0.20.6",
      "pname": "crane",
      "rev": "94def634a20494ee057c76998843c015909d6311",
      "rev_count": 837094,
      "rev_date": "2025-07-31T05:30:45Z",
      "scrape_date": "2025-08-02T01:33:44.688755Z",
      "stabilities": [
        "unstable"
      ],
      "unfree": false,
      "version": "0.20.6",
      "outputs_to_install": [
        "out"
      ],
      "outputs": {
        "crane": "/nix/store/ccj6agpqmih3pl8v3i74yqi12qdhnvbg-go-containerregistry-0.20.6-crane",
        "gcrane": "/nix/store/d2pyzfrnlq1a78xm4v5dk0q3fs1d9b1s-go-containerregistry-0.20.6-gcrane",
        "out": "/nix/store/sf3ripxi4yrjwp2c7hv9jl8wwjkqqzg6-go-containerregistry-0.20.6"
      },
      "system": "x86_64-linux",
      "group": "toplevel",
      "priority": 5
    },
    {
      "attr_path": "graalvm-ce",
      "broken": false,
      "derivation": "/nix/store/z1kjaq7l30hsjhxxjiw5jvbycpfkyrlk-graalvm-ce-24.0.1.drv",
      "description": "High-Performance Polyglot VM",
      "install_id": "graalvm-ce",
      "license": "[ UPL-1.0, GPL-2.0-with-classpath-exception, BSD-3-Clause ]",
      "locked_url": "https://github.com/flox/nixpkgs?rev=94def634a20494ee057c76998843c015909d6311",
      "name": "graalvm-ce-24.0.1",
      "pname": "graalvm-ce",
      "rev": "94def634a20494ee057c76998843c015909d6311",
      "rev_count": 837094,
      "rev_date": "2025-07-31T05:30:45Z",
      "scrape_date": "2025-08-02T00:29:09.125312Z",
      "stabilities": [
        "unstable"
      ],
      "unfree": false,
      "version": "24.0.1",
      "outputs_to_install": [
        "out"
      ],
      "outputs": {
        "out": "/nix/store/pr586lnkp2zyqky3cj5ps75vrsdkaxia-graalvm-ce-24.0.1"
      },
      "system": "aarch64-darwin",
      "group": "toplevel",
      "priority": 5
    },
    {
      "attr_path": "graalvm-ce",
      "broken": false,
      "derivation": "/nix/store/3i8cbk0z0jh6zp9kivrvprsvqp81zfbh-graalvm-ce-24.0.1.drv",
      "description": "High-Performance Polyglot VM",
      "install_id": "graalvm-ce",
      "license": "[ UPL-1.0, GPL-2.0-with-classpath-exception, BSD-3-Clause ]",
      "locked_url": "https://github.com/flox/nixpkgs?rev=94def634a20494ee057c76998843c015909d6311",
      "name": "graalvm-ce-24.0.1",
      "pname": "graalvm-ce",
      "rev": "94def634a20494ee057c76998843c015909d6311",
      "rev_count": 837094,
      "rev_date": "2025-07-31T05:30:45Z",
      "scrape_date": "2025-08-02T00:49:20.163758Z",
      "stabilities": [
        "unstable"
      ],
      "unfree": false,
      "version": "24.0.1",
      "outputs_to_install": [
        "out"
      ],
      "outputs": {
        "out": "/nix/store/5cf1fd3wli40ri5b8vf37v59vr7cxy6p-graalvm-ce-24.0.1"
      },
      "system": "aarch64-linux",
      "group": "toplevel",
      "priority": 5
    },
    {
      "attr_path": "graalvm-ce",
      "broken": false,
      "derivation": "/nix/store/ibgz3ni5l75077vssf5lcvpply58dpwc-graalvm-ce-24.0.1.drv",
      "description": "High-Performance Polyglot VM",
      "install_id": "graalvm-ce",
      "license": "[ UPL-1.0, GPL-2.0-with-classpath-exception, BSD-3-Clause ]",
      "locked_url": "https://github.com/flox/nixpkgs?rev=94def634a20494ee057c76998843c015909d6311",
      "name": "graalvm-ce-24.0.1",
      "pname": "graalvm-ce",
      "rev": "94def634a20494ee057c76998843c015909d6311",
      "rev_count": 837094,
      "rev_date": "2025-07-31T05:30:45Z",
      "scrape_date": "2025-08-02T01:09:24.983166Z",
      "stabilities": [
        "unstable"
      ],
      "unfree": false,
      "version": "24.0.1",
      "outputs_to_install": [
        "out"
      ],
      "outputs": {
        "out": "/nix/store/3k7qp556hzc0kx8mbsxgx60qrby66ddn-graalvm-ce-24.0.1"
      },
      "system": "x86_64-darwin",
      "group": "toplevel",
      "priority": 5
    },
    {
      "attr_path": "graalvm-ce",
      "broken": false,
      "derivation": "/nix/store/d8za9gz83cc2hfyk011j2p4slx74fs25-graalvm-ce-24.0.1.drv",
      "description": "High-Performance Polyglot VM",
      "install_id": "graalvm-ce",
      "license": "[ UPL-1.0, GPL-2.0-with-classpath-exception, BSD-3-Clause ]",
      "locked_url": "https://github.com/flox/nixpkgs?rev=94def634a20494ee057c76998843c015909d6311",
      "name": "graalvm-ce-24.0.1",
      "pname": "graalvm-ce",
      "rev": "94def634a20494ee057c76998843c015909d6311",
      "rev_count": 837094,
      "rev_date": "2025-07-31T05:30:45Z",
      "scrape_date": "2025-08-02T01:33:46.313797Z",
      "stabilities": [
        "unstable"
      ],
      "unfree": false,
      "version": "24.0.1",
      "outputs_to_install": [
        "out"
      ],
      "outputs": {
        "out": "/nix/store/l0adwdzzgiznpqwcqblrx4jgknfag9li-graalvm-ce-24.0.1"
      },
      "system": "x86_64-linux",
      "group": "toplevel",
      "priority": 5
    },
    {
      "attr_path": "httpie",
      "broken": false,
      "derivation": "/nix/store/xzxqlivns39j4rkm1pw6868cj1vwdpgg-python3.13-httpie-3.2.4.drv",
      "description": "Command line HTTP client whose goal is to make CLI human-friendly",
      "install_id": "httpie",
      "license": "BSD-3-Clause",
      "locked_url": "https://github.com/flox/nixpkgs?rev=94def634a20494ee057c76998843c015909d6311",
      "name": "httpie-3.2.4",
      "pname": "httpie",
      "rev": "94def634a20494ee057c76998843c015909d6311",
      "rev_count": 837094,
      "rev_date": "2025-07-31T05:30:45Z",
      "scrape_date": "2025-08-02T00:29:09.304783Z",
      "stabilities": [
        "unstable"
      ],
      "unfree": false,
      "version": "3.2.4",
      "outputs_to_install": [
        "out"
      ],
      "outputs": {
        "dist": "/nix/store/35fl1gb4kb5952vnz61rg73dkq380442-python3.13-httpie-3.2.4-dist",
        "out": "/nix/store/xr231p4q6sib62ya06dmal5mqkx3mw71-python3.13-httpie-3.2.4"
      },
      "system": "aarch64-darwin",
      "group": "toplevel",
      "priority": 5
    },
    {
      "attr_path": "httpie",
      "broken": false,
      "derivation": "/nix/store/nzzj68682j49pyrqlilkjbddab8hi7l2-python3.13-httpie-3.2.4.drv",
      "description": "Command line HTTP client whose goal is to make CLI human-friendly",
      "install_id": "httpie",
      "license": "BSD-3-Clause",
      "locked_url": "https://github.com/flox/nixpkgs?rev=94def634a20494ee057c76998843c015909d6311",
      "name": "httpie-3.2.4",
      "pname": "httpie",
      "rev": "94def634a20494ee057c76998843c015909d6311",
      "rev_count": 837094,
      "rev_date": "2025-07-31T05:30:45Z",
      "scrape_date": "2025-08-02T00:49:20.934401Z",
      "stabilities": [
        "unstable"
      ],
      "unfree": false,
      "version": "3.2.4",
      "outputs_to_install": [
        "out"
      ],
      "outputs": {
        "dist": "/nix/store/f49v94sdzwwm6ibhggkrpxvi3yg0ari9-python3.13-httpie-3.2.4-dist",
        "out": "/nix/store/cgw4gimr0im69ffsdyqryssq5zr86npa-python3.13-httpie-3.2.4"
      },
      "system": "aarch64-linux",
      "group": "toplevel",
      "priority": 5
    },
    {
      "attr_path": "httpie",
      "broken": false,
      "derivation": "/nix/store/p8k3qvq70hwivf0r9kgh35wgbib2mpcl-python3.13-httpie-3.2.4.drv",
      "description": "Command line HTTP client whose goal is to make CLI human-friendly",
      "install_id": "httpie",
      "license": "BSD-3-Clause",
      "locked_url": "https://github.com/flox/nixpkgs?rev=94def634a20494ee057c76998843c015909d6311",
      "name": "httpie-3.2.4",
      "pname": "httpie",
      "rev": "94def634a20494ee057c76998843c015909d6311",
      "rev_count": 837094,
      "rev_date": "2025-07-31T05:30:45Z",
      "scrape_date": "2025-08-02T01:09:25.174950Z",
      "stabilities": [
        "unstable"
      ],
      "unfree": false,
      "version": "3.2.4",
      "outputs_to_install": [
        "out"
      ],
      "outputs": {
        "dist": "/nix/store/lgi3zh376dbr2iawhhd8hw958cdsmpbw-python3.13-httpie-3.2.4-dist",
        "out": "/nix/store/ymzvbkq13cf45sdzfsvdnx1rm0d9d8hx-python3.13-httpie-3.2.4"
      },
      "system": "x86_64-darwin",
      "group": "toplevel",
      "priority": 5
    },
    {
      "attr_path": "httpie",
      "broken": false,
      "derivation": "/nix/store/3izil76fys06m8sxp14s5gia4raa72gh-python3.13-httpie-3.2.4.drv",
      "description": "Command line HTTP client whose goal is to make CLI human-friendly",
      "install_id": "httpie",
      "license": "BSD-3-Clause",
      "locked_url": "https://github.com/flox/nixpkgs?rev=94def634a20494ee057c76998843c015909d6311",
      "name": "httpie-3.2.4",
      "pname": "httpie",
      "rev": "94def634a20494ee057c76998843c015909d6311",
      "rev_count": 837094,
      "rev_date": "2025-07-31T05:30:45Z",
      "scrape_date": "2025-08-02T01:33:47.125742Z",
      "stabilities": [
        "unstable"
      ],
      "unfree": false,
      "version": "3.2.4",
      "outputs_to_install": [
        "out"
      ],
      "outputs": {
        "dist": "/nix/store/0rz883gyx30ggxkh51dsqw0px0dxmj30-python3.13-httpie-3.2.4-dist",
        "out": "/nix/store/5cc08zz45zfrl0ka58abjcp8hwhib7zp-python3.13-httpie-3.2.4"
      },
      "system": "x86_64-linux",
      "group": "toplevel",
      "priority": 5
    },
    {
      "attr_path": "kind",
      "broken": false,
      "derivation": "/nix/store/pvhzklwz2lsn3c7w1yl8dw5apxq6wh25-kind-0.29.0.drv",
      "description": "Kubernetes IN Docker - local clusters for testing Kubernetes",
      "install_id": "kind",
      "license": "Apache-2.0",
      "locked_url": "https://github.com/flox/nixpkgs?rev=94def634a20494ee057c76998843c015909d6311",
      "name": "kind-0.29.0",
      "pname": "kind",
      "rev": "94def634a20494ee057c76998843c015909d6311",
      "rev_count": 837094,
      "rev_date": "2025-07-31T05:30:45Z",
      "scrape_date": "2025-08-02T00:29:09.648804Z",
      "stabilities": [
        "unstable"
      ],
      "unfree": false,
      "version": "0.29.0",
      "outputs_to_install": [
        "out"
      ],
      "outputs": {
        "out": "/nix/store/prhgjwv6cqf2s1hgr662w7h56amykcpp-kind-0.29.0"
      },
      "system": "aarch64-darwin",
      "group": "toplevel",
      "priority": 5
    },
    {
      "attr_path": "kind",
      "broken": false,
      "derivation": "/nix/store/7pyp24pfikv14fnif8rzx8jiri4kgvkp-kind-0.29.0.drv",
      "description": "Kubernetes IN Docker - local clusters for testing Kubernetes",
      "install_id": "kind",
      "license": "Apache-2.0",
      "locked_url": "https://github.com/flox/nixpkgs?rev=94def634a20494ee057c76998843c015909d6311",
      "name": "kind-0.29.0",
      "pname": "kind",
      "rev": "94def634a20494ee057c76998843c015909d6311",
      "rev_count": 837094,
      "rev_date": "2025-07-31T05:30:45Z",
      "scrape_date": "2025-08-02T00:49:21.817155Z",
      "stabilities": [
        "unstable"
      ],
      "unfree": false,
      "version": "0.29.0",
      "outputs_to_install": [
        "out"
      ],
      "outputs": {
        "out": "/nix/store/ij8mcqwncmw68i676b4dybgwx5k1filn-kind-0.29.0"
      },
      "system": "aarch64-linux",
      "group": "toplevel",
      "priority": 5
    },
    {
      "attr_path": "kind",
      "broken": false,
      "derivation": "/nix/store/6a7034d5wxiv5a86dhx4n16d6x4b7zf4-kind-0.29.0.drv",
      "description": "Kubernetes IN Docker - local clusters for testing Kubernetes",
      "install_id": "kind",
      "license": "Apache-2.0",
      "locked_url": "https://github.com/flox/nixpkgs?rev=94def634a20494ee057c76998843c015909d6311",
      "name": "kind-0.29.0",
      "pname": "kind",
      "rev": "94def634a20494ee057c76998843c015909d6311",
      "rev_count": 837094,
      "rev_date": "2025-07-31T05:30:45Z",
      "scrape_date": "2025-08-02T01:09:25.523923Z",
      "stabilities": [
        "unstable"
      ],
      "unfree": false,
      "version": "0.29.0",
      "outputs_to_install": [
        "out"
      ],
      "outputs": {
        "out": "/nix/store/ssn028ms5f62wsznhvl7kks62idd6y4w-kind-0.29.0"
      },
      "system": "x86_64-darwin",
      "group": "toplevel",
      "priority": 5
    },
    {
      "attr_path": "kind",
      "broken": false,
      "derivation": "/nix/store/hy9nj8vpzyrigdglaq4gj6zfhjirjw04-kind-0.29.0.drv",
      "description": "Kubernetes IN Docker - local clusters for testing Kubernetes",
      "install_id": "kind",
      "license": "Apache-2.0",
      "locked_url": "https://github.com/flox/nixpkgs?rev=94def634a20494ee057c76998843c015909d6311",
      "name": "kind-0.29.0",
      "pname": "kind",
      "rev": "94def634a20494ee057c76998843c015909d6311",
      "rev_count": 837094,
      "rev_date": "2025-07-31T05:30:45Z",
      "scrape_date": "2025-08-02T01:33:48.128937Z",
      "stabilities": [
        "unstable"
      ],
      "unfree": false,
      "version": "0.29.0",
      "outputs_to_install": [
        "out"
      ],
      "outputs": {
        "out": "/nix/store/r6j7f9fk5cnss0i0ddm5yf9r23n1bc13-kind-0.29.0"
      },
      "system": "x86_64-linux",
      "group": "toplevel",
      "priority": 5
    },
    {
      "attr_path": "kn",
      "broken": false,
      "derivation": "/nix/store/g1i99cxdpszn1w7g0ih0rnfv5gdkr8c2-kn-1.18.0.drv",
      "description": "Create Knative resources interactively from the command line or from within scripts",
      "install_id": "kn",
      "license": "Apache-2.0",
      "locked_url": "https://github.com/flox/nixpkgs?rev=94def634a20494ee057c76998843c015909d6311",
      "name": "kn-1.18.0",
      "pname": "kn",
      "rev": "94def634a20494ee057c76998843c015909d6311",
      "rev_count": 837094,
      "rev_date": "2025-07-31T05:30:45Z",
      "scrape_date": "2025-08-02T00:29:09.656419Z",
      "stabilities": [
        "unstable"
      ],
      "unfree": false,
      "version": "1.18.0",
      "outputs_to_install": [
        "out"
      ],
      "outputs": {
        "out": "/nix/store/874cw4y2c0y9528ph2fayq2bacm2ys3z-kn-1.18.0"
      },
      "system": "aarch64-darwin",
      "group": "toplevel",
      "priority": 5
    },
    {
      "attr_path": "kn",
      "broken": false,
      "derivation": "/nix/store/qf61sdvkvjkcn27vr5hyd8s7kr8gh7c1-kn-1.18.0.drv",
      "description": "Create Knative resources interactively from the command line or from within scripts",
      "install_id": "kn",
      "license": "Apache-2.0",
      "locked_url": "https://github.com/flox/nixpkgs?rev=94def634a20494ee057c76998843c015909d6311",
      "name": "kn-1.18.0",
      "pname": "kn",
      "rev": "94def634a20494ee057c76998843c015909d6311",
      "rev_count": 837094,
      "rev_date": "2025-07-31T05:30:45Z",
      "scrape_date": "2025-08-02T00:49:21.842126Z",
      "stabilities": [
        "unstable"
      ],
      "unfree": false,
      "version": "1.18.0",
      "outputs_to_install": [
        "out"
      ],
      "outputs": {
        "out": "/nix/store/ibcqqq4ai69zqkdqknknfz1pnn1av554-kn-1.18.0"
      },
      "system": "aarch64-linux",
      "group": "toplevel",
      "priority": 5
    },
    {
      "attr_path": "kn",
      "broken": false,
      "derivation": "/nix/store/maifbbh17yjqq0kh0h0b678qz2h8a6ai-kn-1.18.0.drv",
      "description": "Create Knative resources interactively from the command line or from within scripts",
      "install_id": "kn",
      "license": "Apache-2.0",
      "locked_url": "https://github.com/flox/nixpkgs?rev=94def634a20494ee057c76998843c015909d6311",
      "name": "kn-1.18.0",
      "pname": "kn",
      "rev": "94def634a20494ee057c76998843c015909d6311",
      "rev_count": 837094,
      "rev_date": "2025-07-31T05:30:45Z",
      "scrape_date": "2025-08-02T01:09:25.531996Z",
      "stabilities": [
        "unstable"
      ],
      "unfree": false,
      "version": "1.18.0",
      "outputs_to_install": [
        "out"
      ],
      "outputs": {
        "out": "/nix/store/3dqmx237zk57p0638fi8hgay2nnvypbx-kn-1.18.0"
      },
      "system": "x86_64-darwin",
      "group": "toplevel",
      "priority": 5
    },
    {
      "attr_path": "kn",
      "broken": false,
      "derivation": "/nix/store/bim88vbzpin5syqbkjmnqlbm83wdhy2m-kn-1.18.0.drv",
      "description": "Create Knative resources interactively from the command line or from within scripts",
      "install_id": "kn",
      "license": "Apache-2.0",
      "locked_url": "https://github.com/flox/nixpkgs?rev=94def634a20494ee057c76998843c015909d6311",
      "name": "kn-1.18.0",
      "pname": "kn",
      "rev": "94def634a20494ee057c76998843c015909d6311",
      "rev_count": 837094,
      "rev_date": "2025-07-31T05:30:45Z",
      "scrape_date": "2025-08-02T01:33:48.158227Z",
      "stabilities": [
        "unstable"
      ],
      "unfree": false,
      "version": "1.18.0",
      "outputs_to_install": [
        "out"
      ],
      "outputs": {
        "out": "/nix/store/mkg3gh3wv5zssisgygy24vnxdyr593d8-kn-1.18.0"
      },
      "system": "x86_64-linux",
      "group": "toplevel",
      "priority": 5
    },
    {
      "attr_path": "kubectl",
      "broken": false,
      "derivation": "/nix/store/h67n1ib20f7slmnmx85gdr1rj28hspwj-kubectl-1.33.3.drv",
      "description": "Kubernetes CLI",
      "install_id": "kubectl",
      "license": "Apache-2.0",
      "locked_url": "https://github.com/flox/nixpkgs?rev=94def634a20494ee057c76998843c015909d6311",
      "name": "kubectl-1.33.3",
      "pname": "kubectl",
      "rev": "94def634a20494ee057c76998843c015909d6311",
      "rev_count": 837094,
      "rev_date": "2025-07-31T05:30:45Z",
      "scrape_date": "2025-08-02T00:29:09.707436Z",
      "stabilities": [
        "unstable"
      ],
      "unfree": false,
      "version": "1.33.3",
      "outputs_to_install": [
        "man",
        "out"
      ],
      "outputs": {
        "convert": "/nix/store/x225vv21kfp2pgi3hxac4cpz60qlh6nv-kubectl-1.33.3-convert",
        "man": "/nix/store/2mckzmqkc5y3bh66sx2ij6sy2l1yy5s3-kubectl-1.33.3-man",
        "out": "/nix/store/k5hj0mxpv84w7xzx2z4wc06r4hg1ccwj-kubectl-1.33.3"
      },
      "system": "aarch64-darwin",
      "group": "toplevel",
      "priority": 5
    },
    {
      "attr_path": "kubectl",
      "broken": false,
      "derivation": "/nix/store/rk8q7f2066dyzczk9hkdr1b2d265k8gi-kubectl-1.33.3.drv",
      "description": "Kubernetes CLI",
      "install_id": "kubectl",
      "license": "Apache-2.0",
      "locked_url": "https://github.com/flox/nixpkgs?rev=94def634a20494ee057c76998843c015909d6311",
      "name": "kubectl-1.33.3",
      "pname": "kubectl",
      "rev": "94def634a20494ee057c76998843c015909d6311",
      "rev_count": 837094,
      "rev_date": "2025-07-31T05:30:45Z",
      "scrape_date": "2025-08-02T00:49:21.957061Z",
      "stabilities": [
        "unstable"
      ],
      "unfree": false,
      "version": "1.33.3",
      "outputs_to_install": [
        "man",
        "out"
      ],
      "outputs": {
        "convert": "/nix/store/1ahkazwv31h3irkxpzazg20kpn3kngbz-kubectl-1.33.3-convert",
        "man": "/nix/store/5npib1jfzm5mnv2ri6lv3z1l2pxhp8lr-kubectl-1.33.3-man",
        "out": "/nix/store/cclissn11ab1rw49qybz8q31631n3m9x-kubectl-1.33.3"
      },
      "system": "aarch64-linux",
      "group": "toplevel",
      "priority": 5
    },
    {
      "attr_path": "kubectl",
      "broken": false,
      "derivation": "/nix/store/00y7g39cprxlc6p42pqfy154jz39jbfz-kubectl-1.33.3.drv",
      "description": "Kubernetes CLI",
      "install_id": "kubectl",
      "license": "Apache-2.0",
      "locked_url": "https://github.com/flox/nixpkgs?rev=94def634a20494ee057c76998843c015909d6311",
      "name": "kubectl-1.33.3",
      "pname": "kubectl",
      "rev": "94def634a20494ee057c76998843c015909d6311",
      "rev_count": 837094,
      "rev_date": "2025-07-31T05:30:45Z",
      "scrape_date": "2025-08-02T01:09:25.585997Z",
      "stabilities": [
        "unstable"
      ],
      "unfree": false,
      "version": "1.33.3",
      "outputs_to_install": [
        "man",
        "out"
      ],
      "outputs": {
        "convert": "/nix/store/x74dqs19xz986l140bjn15awxf62dkys-kubectl-1.33.3-convert",
        "man": "/nix/store/9r8lxjhv229w8c2gf0kbwsfjl9jcv6y2-kubectl-1.33.3-man",
        "out": "/nix/store/qhvbci1vbd66884yza8d8sr3xn08v5ar-kubectl-1.33.3"
      },
      "system": "x86_64-darwin",
      "group": "toplevel",
      "priority": 5
    },
    {
      "attr_path": "kubectl",
      "broken": false,
      "derivation": "/nix/store/mzmikvkishj77932rnjqwpl0rv5binpp-kubectl-1.33.3.drv",
      "description": "Kubernetes CLI",
      "install_id": "kubectl",
      "license": "Apache-2.0",
      "locked_url": "https://github.com/flox/nixpkgs?rev=94def634a20494ee057c76998843c015909d6311",
      "name": "kubectl-1.33.3",
      "pname": "kubectl",
      "rev": "94def634a20494ee057c76998843c015909d6311",
      "rev_count": 837094,
      "rev_date": "2025-07-31T05:30:45Z",
      "scrape_date": "2025-08-02T01:33:48.285333Z",
      "stabilities": [
        "unstable"
      ],
      "unfree": false,
      "version": "1.33.3",
      "outputs_to_install": [
        "man",
        "out"
      ],
      "outputs": {
        "convert": "/nix/store/sj77h1x39z09mmq6rv1cjmpj6gg9gylf-kubectl-1.33.3-convert",
        "man": "/nix/store/w38d510ixf5ijs8z4j6c2yiinqk8ddx8-kubectl-1.33.3-man",
        "out": "/nix/store/vpx0zzs0hazp7k9byys204jl805ksa2y-kubectl-1.33.3"
      },
      "system": "x86_64-linux",
      "group": "toplevel",
      "priority": 5
    },
    {
      "attr_path": "kubectx",
      "broken": false,
      "derivation": "/nix/store/6alk8iqk9c7yywq4027i8x32yj9rphg9-kubectx-0.9.5.drv",
      "description": "Fast way to switch between clusters and namespaces in kubectl",
      "install_id": "kubectx",
      "license": "Apache-2.0",
      "locked_url": "https://github.com/flox/nixpkgs?rev=94def634a20494ee057c76998843c015909d6311",
      "name": "kubectx-0.9.5",
      "pname": "kubectx",
      "rev": "94def634a20494ee057c76998843c015909d6311",
      "rev_count": 837094,
      "rev_date": "2025-07-31T05:30:45Z",
      "scrape_date": "2025-08-02T00:29:09.714596Z",
      "stabilities": [
        "unstable"
      ],
      "unfree": false,
      "version": "0.9.5",
      "outputs_to_install": [
        "out"
      ],
      "outputs": {
        "out": "/nix/store/zm7ff13d7qackv1gfxgc90pw82d8yj01-kubectx-0.9.5"
      },
      "system": "aarch64-darwin",
      "group": "toplevel",
      "priority": 5
    },
    {
      "attr_path": "kubectx",
      "broken": false,
      "derivation": "/nix/store/x4as6yl5nqzshcyn20ns112q5algqn5a-kubectx-0.9.5.drv",
      "description": "Fast way to switch between clusters and namespaces in kubectl",
      "install_id": "kubectx",
      "license": "Apache-2.0",
      "locked_url": "https://github.com/flox/nixpkgs?rev=94def634a20494ee057c76998843c015909d6311",
      "name": "kubectx-0.9.5",
      "pname": "kubectx",
      "rev": "94def634a20494ee057c76998843c015909d6311",
      "rev_count": 837094,
      "rev_date": "2025-07-31T05:30:45Z",
      "scrape_date": "2025-08-02T00:49:21.967899Z",
      "stabilities": [
        "unstable"
      ],
      "unfree": false,
      "version": "0.9.5",
      "outputs_to_install": [
        "out"
      ],
      "outputs": {
        "out": "/nix/store/347g93h2dmbc3kbyifrdlkslh0gkw1jf-kubectx-0.9.5"
      },
      "system": "aarch64-linux",
      "group": "toplevel",
      "priority": 5
    },
    {
      "attr_path": "kubectx",
      "broken": false,
      "derivation": "/nix/store/b5wnpwsc7c4zky9prabw5cp88v8s3158-kubectx-0.9.5.drv",
      "description": "Fast way to switch between clusters and namespaces in kubectl",
      "install_id": "kubectx",
      "license": "Apache-2.0",
      "locked_url": "https://github.com/flox/nixpkgs?rev=94def634a20494ee057c76998843c015909d6311",
      "name": "kubectx-0.9.5",
      "pname": "kubectx",
      "rev": "94def634a20494ee057c76998843c015909d6311",
      "rev_count": 837094,
      "rev_date": "2025-07-31T05:30:45Z",
      "scrape_date": "2025-08-02T01:09:25.593533Z",
      "stabilities": [
        "unstable"
      ],
      "unfree": false,
      "version": "0.9.5",
      "outputs_to_install": [
        "out"
      ],
      "outputs": {
        "out": "/nix/store/q3xni8wi5g6p96zcsqbwwb8lwniar75k-kubectx-0.9.5"
      },
      "system": "x86_64-darwin",
      "group": "toplevel",
      "priority": 5
    },
    {
      "attr_path": "kubectx",
      "broken": false,
      "derivation": "/nix/store/i3ma4q8zj8l9nx45m1w784m0iynbnq8d-kubectx-0.9.5.drv",
      "description": "Fast way to switch between clusters and namespaces in kubectl",
      "install_id": "kubectx",
      "license": "Apache-2.0",
      "locked_url": "https://github.com/flox/nixpkgs?rev=94def634a20494ee057c76998843c015909d6311",
      "name": "kubectx-0.9.5",
      "pname": "kubectx",
      "rev": "94def634a20494ee057c76998843c015909d6311",
      "rev_count": 837094,
      "rev_date": "2025-07-31T05:30:45Z",
      "scrape_date": "2025-08-02T01:33:48.297235Z",
      "stabilities": [
        "unstable"
      ],
      "unfree": false,
      "version": "0.9.5",
      "outputs_to_install": [
        "out"
      ],
      "outputs": {
        "out": "/nix/store/8fwv8lifvm6gpcpsjgx1zjy1li0jhcpj-kubectx-0.9.5"
      },
      "system": "x86_64-linux",
      "group": "toplevel",
      "priority": 5
    },
    {
      "attr_path": "kubernetes-helm",
      "broken": false,
      "derivation": "/nix/store/cmxjbkv0in157prxb5fw6pacr7sn1kwj-kubernetes-helm-3.18.4.drv",
      "description": "Package manager for kubernetes",
      "install_id": "kubernetes-helm",
      "license": "Apache-2.0",
      "locked_url": "https://github.com/flox/nixpkgs?rev=94def634a20494ee057c76998843c015909d6311",
      "name": "kubernetes-helm-3.18.4",
      "pname": "kubernetes-helm",
      "rev": "94def634a20494ee057c76998843c015909d6311",
      "rev_count": 837094,
      "rev_date": "2025-07-31T05:30:45Z",
      "scrape_date": "2025-08-02T00:29:09.720497Z",
      "stabilities": [
        "unstable"
      ],
      "unfree": false,
      "version": "3.18.4",
      "outputs_to_install": [
        "out"
      ],
      "outputs": {
        "out": "/nix/store/0cxdf30s34zacr305rbyavvnamx36hs4-kubernetes-helm-3.18.4"
      },
      "system": "aarch64-darwin",
      "group": "toplevel",
      "priority": 5
    },
    {
      "attr_path": "kubernetes-helm",
      "broken": false,
      "derivation": "/nix/store/5mi3hicy99pndlxvmv3ysg9ia2x3bcpw-kubernetes-helm-3.18.4.drv",
      "description": "Package manager for kubernetes",
      "install_id": "kubernetes-helm",
      "license": "Apache-2.0",
      "locked_url": "https://github.com/flox/nixpkgs?rev=94def634a20494ee057c76998843c015909d6311",
      "name": "kubernetes-helm-3.18.4",
      "pname": "kubernetes-helm",
      "rev": "94def634a20494ee057c76998843c015909d6311",
      "rev_count": 837094,
      "rev_date": "2025-07-31T05:30:45Z",
      "scrape_date": "2025-08-02T00:49:21.977324Z",
      "stabilities": [
        "unstable"
      ],
      "unfree": false,
      "version": "3.18.4",
      "outputs_to_install": [
        "out"
      ],
      "outputs": {
        "out": "/nix/store/2s4r0aik3lkdhjkhs7hj38pbk29fs968-kubernetes-helm-3.18.4"
      },
      "system": "aarch64-linux",
      "group": "toplevel",
      "priority": 5
    },
    {
      "attr_path": "kubernetes-helm",
      "broken": false,
      "derivation": "/nix/store/118df8p6rx0ssxxpxqac2ya803r1mgk0-kubernetes-helm-3.18.4.drv",
      "description": "Package manager for kubernetes",
      "install_id": "kubernetes-helm",
      "license": "Apache-2.0",
      "locked_url": "https://github.com/flox/nixpkgs?rev=94def634a20494ee057c76998843c015909d6311",
      "name": "kubernetes-helm-3.18.4",
      "pname": "kubernetes-helm",
      "rev": "94def634a20494ee057c76998843c015909d6311",
      "rev_count": 837094,
      "rev_date": "2025-07-31T05:30:45Z",
      "scrape_date": "2025-08-02T01:09:25.599772Z",
      "stabilities": [
        "unstable"
      ],
      "unfree": false,
      "version": "3.18.4",
      "outputs_to_install": [
        "out"
      ],
      "outputs": {
        "out": "/nix/store/y5wgqd0sr8grd59dzl77gc8907gb5078-kubernetes-helm-3.18.4"
      },
      "system": "x86_64-darwin",
      "group": "toplevel",
      "priority": 5
    },
    {
      "attr_path": "kubernetes-helm",
      "broken": false,
      "derivation": "/nix/store/4qsh2fcl73jn40gby4jc4whbjhwmm3ya-kubernetes-helm-3.18.4.drv",
      "description": "Package manager for kubernetes",
      "install_id": "kubernetes-helm",
      "license": "Apache-2.0",
      "locked_url": "https://github.com/flox/nixpkgs?rev=94def634a20494ee057c76998843c015909d6311",
      "name": "kubernetes-helm-3.18.4",
      "pname": "kubernetes-helm",
      "rev": "94def634a20494ee057c76998843c015909d6311",
      "rev_count": 837094,
      "rev_date": "2025-07-31T05:30:45Z",
      "scrape_date": "2025-08-02T01:33:48.307566Z",
      "stabilities": [
        "unstable"
      ],
      "unfree": false,
      "version": "3.18.4",
      "outputs_to_install": [
        "out"
      ],
      "outputs": {
        "out": "/nix/store/s77p25dg7dib28llm63b8xp0609gld5w-kubernetes-helm-3.18.4"
      },
      "system": "x86_64-linux",
      "group": "toplevel",
      "priority": 5
    },
    {
      "attr_path": "kustomize",
      "broken": false,
      "derivation": "/nix/store/8c6wbia2mghqb2rjvd8xjyfcqh6n4y3b-kustomize-5.7.0.drv",
      "description": "Customization of kubernetes YAML configurations",
      "install_id": "kustomize",
      "license": "Apache-2.0",
      "locked_url": "https://github.com/flox/nixpkgs?rev=94def634a20494ee057c76998843c015909d6311",
      "name": "kustomize-5.7.0",
      "pname": "kustomize",
      "rev": "94def634a20494ee057c76998843c015909d6311",
      "rev_count": 837094,
      "rev_date": "2025-07-31T05:30:45Z",
      "scrape_date": "2025-08-02T00:29:09.734213Z",
      "stabilities": [
        "unstable"
      ],
      "unfree": false,
      "version": "5.7.0",
      "outputs_to_install": [
        "out"
      ],
      "outputs": {
        "out": "/nix/store/l9pky8s2mg61ck5jhgfxd7ac53icd0jn-kustomize-5.7.0"
      },
      "system": "aarch64-darwin",
      "group": "toplevel",
      "priority": 5
    },
    {
      "attr_path": "kustomize",
      "broken": false,
      "derivation": "/nix/store/j9lm9jfyjbc9k1p5v0abrngcjfh5bfs1-kustomize-5.7.0.drv",
      "description": "Customization of kubernetes YAML configurations",
      "install_id": "kustomize",
      "license": "Apache-2.0",
      "locked_url": "https://github.com/flox/nixpkgs?rev=94def634a20494ee057c76998843c015909d6311",
      "name": "kustomize-5.7.0",
      "pname": "kustomize",
      "rev": "94def634a20494ee057c76998843c015909d6311",
      "rev_count": 837094,
      "rev_date": "2025-07-31T05:30:45Z",
      "scrape_date": "2025-08-02T00:49:21.999547Z",
      "stabilities": [
        "unstable"
      ],
      "unfree": false,
      "version": "5.7.0",
      "outputs_to_install": [
        "out"
      ],
      "outputs": {
        "out": "/nix/store/irh71wqaxkwym7xbprnks8066kp9ndsz-kustomize-5.7.0"
      },
      "system": "aarch64-linux",
      "group": "toplevel",
      "priority": 5
    },
    {
      "attr_path": "kustomize",
      "broken": false,
      "derivation": "/nix/store/wiinpl1saldbmgdl7ganazvwh12c1xvr-kustomize-5.7.0.drv",
      "description": "Customization of kubernetes YAML configurations",
      "install_id": "kustomize",
      "license": "Apache-2.0",
      "locked_url": "https://github.com/flox/nixpkgs?rev=94def634a20494ee057c76998843c015909d6311",
      "name": "kustomize-5.7.0",
      "pname": "kustomize",
      "rev": "94def634a20494ee057c76998843c015909d6311",
      "rev_count": 837094,
      "rev_date": "2025-07-31T05:30:45Z",
      "scrape_date": "2025-08-02T01:09:25.614373Z",
      "stabilities": [
        "unstable"
      ],
      "unfree": false,
      "version": "5.7.0",
      "outputs_to_install": [
        "out"
      ],
      "outputs": {
        "out": "/nix/store/56bg20jq97ckwffsi039mx3qvi01c9d8-kustomize-5.7.0"
      },
      "system": "x86_64-darwin",
      "group": "toplevel",
      "priority": 5
    },
    {
      "attr_path": "kustomize",
      "broken": false,
      "derivation": "/nix/store/52f29m9z01p08fnw8mhkxcfxyl4a8x2b-kustomize-5.7.0.drv",
      "description": "Customization of kubernetes YAML configurations",
      "install_id": "kustomize",
      "license": "Apache-2.0",
      "locked_url": "https://github.com/flox/nixpkgs?rev=94def634a20494ee057c76998843c015909d6311",
      "name": "kustomize-5.7.0",
      "pname": "kustomize",
      "rev": "94def634a20494ee057c76998843c015909d6311",
      "rev_count": 837094,
      "rev_date": "2025-07-31T05:30:45Z",
      "scrape_date": "2025-08-02T01:33:48.331816Z",
      "stabilities": [
        "unstable"
      ],
      "unfree": false,
      "version": "5.7.0",
      "outputs_to_install": [
        "out"
      ],
      "outputs": {
        "out": "/nix/store/y5cjp25s17vm5dcv2dc5qdv273aclbnq-kustomize-5.7.0"
      },
      "system": "x86_64-linux",
      "group": "toplevel",
      "priority": 5
    },
    {
      "attr_path": "pack",
      "broken": false,
      "derivation": "/nix/store/4wksx23yj1w019pp9jvjq868pxjgz2sb-pack-0.38.2.drv",
      "description": "CLI for building apps using Cloud Native Buildpacks",
      "install_id": "pack",
      "license": "Apache-2.0",
      "locked_url": "https://github.com/flox/nixpkgs?rev=94def634a20494ee057c76998843c015909d6311",
      "name": "pack-0.38.2",
      "pname": "pack",
      "rev": "94def634a20494ee057c76998843c015909d6311",
      "rev_count": 837094,
      "rev_date": "2025-07-31T05:30:45Z",
      "scrape_date": "2025-08-02T00:29:12.596907Z",
      "stabilities": [
        "unstable"
      ],
      "unfree": false,
      "version": "0.38.2",
      "outputs_to_install": [
        "out"
      ],
      "outputs": {
        "out": "/nix/store/dmrqcmqlfal92cc3di4vmn19wk8ra97w-pack-0.38.2"
      },
      "system": "aarch64-darwin",
      "group": "toplevel",
      "priority": 5
    },
    {
      "attr_path": "pack",
      "broken": false,
      "derivation": "/nix/store/hnnyhlxih521mg0dnrxsigqhnvrhw2kd-pack-0.38.2.drv",
      "description": "CLI for building apps using Cloud Native Buildpacks",
      "install_id": "pack",
      "license": "Apache-2.0",
      "locked_url": "https://github.com/flox/nixpkgs?rev=94def634a20494ee057c76998843c015909d6311",
      "name": "pack-0.38.2",
      "pname": "pack",
      "rev": "94def634a20494ee057c76998843c015909d6311",
      "rev_count": 837094,
      "rev_date": "2025-07-31T05:30:45Z",
      "scrape_date": "2025-08-02T00:49:31.527770Z",
      "stabilities": [
        "unstable"
      ],
      "unfree": false,
      "version": "0.38.2",
      "outputs_to_install": [
        "out"
      ],
      "outputs": {
        "out": "/nix/store/sm5hds62bpdqn2cy5583915zj5iv17q0-pack-0.38.2"
      },
      "system": "aarch64-linux",
      "group": "toplevel",
      "priority": 5
    },
    {
      "attr_path": "pack",
      "broken": false,
      "derivation": "/nix/store/8xya4yif8b3v5qp608y1mjkr56r32nh5-pack-0.38.2.drv",
      "description": "CLI for building apps using Cloud Native Buildpacks",
      "install_id": "pack",
      "license": "Apache-2.0",
      "locked_url": "https://github.com/flox/nixpkgs?rev=94def634a20494ee057c76998843c015909d6311",
      "name": "pack-0.38.2",
      "pname": "pack",
      "rev": "94def634a20494ee057c76998843c015909d6311",
      "rev_count": 837094,
      "rev_date": "2025-07-31T05:30:45Z",
      "scrape_date": "2025-08-02T01:09:28.614287Z",
      "stabilities": [
        "unstable"
      ],
      "unfree": false,
      "version": "0.38.2",
      "outputs_to_install": [
        "out"
      ],
      "outputs": {
        "out": "/nix/store/827ij511c15915q748im28ipy3hkak83-pack-0.38.2"
      },
      "system": "x86_64-darwin",
      "group": "toplevel",
      "priority": 5
    },
    {
      "attr_path": "pack",
      "broken": false,
      "derivation": "/nix/store/wbg86apwwy7zxscqgskacrsaidk8l0p4-pack-0.38.2.drv",
      "description": "CLI for building apps using Cloud Native Buildpacks",
      "install_id": "pack",
      "license": "Apache-2.0",
      "locked_url": "https://github.com/flox/nixpkgs?rev=94def634a20494ee057c76998843c015909d6311",
      "name": "pack-0.38.2",
      "pname": "pack",
      "rev": "94def634a20494ee057c76998843c015909d6311",
      "rev_count": 837094,
      "rev_date": "2025-07-31T05:30:45Z",
      "scrape_date": "2025-08-02T01:33:59.709919Z",
      "stabilities": [
        "unstable"
      ],
      "unfree": false,
      "version": "0.38.2",
      "outputs_to_install": [
        "out"
      ],
      "outputs": {
        "out": "/nix/store/lb8cy4cbskh5ccqfcmg3i6z1j0xw2c3v-pack-0.38.2"
      },
      "system": "x86_64-linux",
      "group": "toplevel",
      "priority": 5
    },
    {
      "attr_path": "skaffold",
      "broken": false,
      "derivation": "/nix/store/v55knjavrn9dhqswxq0caw7y7hijmsg2-skaffold-2.16.1.drv",
      "description": "Easy and Repeatable Kubernetes Development",
      "install_id": "skaffold",
      "license": "Apache-2.0",
      "locked_url": "https://github.com/flox/nixpkgs?rev=94def634a20494ee057c76998843c015909d6311",
      "name": "skaffold-2.16.1",
      "pname": "skaffold",
      "rev": "94def634a20494ee057c76998843c015909d6311",
      "rev_count": 837094,
      "rev_date": "2025-07-31T05:30:45Z",
      "scrape_date": "2025-08-02T00:29:50.486456Z",
      "stabilities": [
        "unstable"
      ],
      "unfree": false,
      "version": "2.16.1",
      "outputs_to_install": [
        "out"
      ],
      "outputs": {
        "out": "/nix/store/16ww9428ssijcgm0sywny0i4344qy1d4-skaffold-2.16.1"
      },
      "system": "aarch64-darwin",
      "group": "toplevel",
      "priority": 5
    },
    {
      "attr_path": "skaffold",
      "broken": false,
      "derivation": "/nix/store/jsvrg47ixlcixzs1yksca5nklyf01xbq-skaffold-2.16.1.drv",
      "description": "Easy and Repeatable Kubernetes Development",
      "install_id": "skaffold",
      "license": "Apache-2.0",
      "locked_url": "https://github.com/flox/nixpkgs?rev=94def634a20494ee057c76998843c015909d6311",
      "name": "skaffold-2.16.1",
      "pname": "skaffold",
      "rev": "94def634a20494ee057c76998843c015909d6311",
      "rev_count": 837094,
      "rev_date": "2025-07-31T05:30:45Z",
      "scrape_date": "2025-08-02T00:50:27.549185Z",
      "stabilities": [
        "unstable"
      ],
      "unfree": false,
      "version": "2.16.1",
      "outputs_to_install": [
        "out"
      ],
      "outputs": {
        "out": "/nix/store/4qcgcp9inqavzmfxlc2isfrc6kp2k3b2-skaffold-2.16.1"
      },
      "system": "aarch64-linux",
      "group": "toplevel",
      "priority": 5
    },
    {
      "attr_path": "skaffold",
      "broken": false,
      "derivation": "/nix/store/k4qfbf8kwllj1x57sbq49pmgb880g6dm-skaffold-2.16.1.drv",
      "description": "Easy and Repeatable Kubernetes Development",
      "install_id": "skaffold",
      "license": "Apache-2.0",
      "locked_url": "https://github.com/flox/nixpkgs?rev=94def634a20494ee057c76998843c015909d6311",
      "name": "skaffold-2.16.1",
      "pname": "skaffold",
      "rev": "94def634a20494ee057c76998843c015909d6311",
      "rev_count": 837094,
      "rev_date": "2025-07-31T05:30:45Z",
      "scrape_date": "2025-08-02T01:10:07.930546Z",
      "stabilities": [
        "unstable"
      ],
      "unfree": false,
      "version": "2.16.1",
      "outputs_to_install": [
        "out"
      ],
      "outputs": {
        "out": "/nix/store/gwc3gmq23g4zfc6db8i7w0c8m1827hqh-skaffold-2.16.1"
      },
      "system": "x86_64-darwin",
      "group": "toplevel",
      "priority": 5
    },
    {
      "attr_path": "skaffold",
      "broken": false,
      "derivation": "/nix/store/4rckq7x53mf66qibnvpy2i6dkpvh3iym-skaffold-2.16.1.drv",
      "description": "Easy and Repeatable Kubernetes Development",
      "install_id": "skaffold",
      "license": "Apache-2.0",
      "locked_url": "https://github.com/flox/nixpkgs?rev=94def634a20494ee057c76998843c015909d6311",
      "name": "skaffold-2.16.1",
      "pname": "skaffold",
      "rev": "94def634a20494ee057c76998843c015909d6311",
      "rev_count": 837094,
      "rev_date": "2025-07-31T05:30:45Z",
      "scrape_date": "2025-08-02T01:35:01.426367Z",
      "stabilities": [
        "unstable"
      ],
      "unfree": false,
      "version": "2.16.1",
      "outputs_to_install": [
        "out"
      ],
      "outputs": {
        "out": "/nix/store/4mf2w7hmq8yj9ifagzn7sp15brvqc2cc-skaffold-2.16.1"
      },
      "system": "x86_64-linux",
      "group": "toplevel",
      "priority": 5
    },
    {
      "install_id": "vscode-java-flake",
      "locked-url": "github:thomasvitale/vscode-java-flake/7591a2bc25e92f4071af5281ea13d5fc41ddf7f1?narHash=sha256-rr6fk1yKVfjfVr4xqT5JqX1y1mvXfJYvKwlIJUEltvo%3D",
      "flake-description": "VSCode with Java extensions",
      "locked-flake-attr-path": "packages.aarch64-darwin.default",
      "derivation": "/nix/store/rwap03mba8q8pp522lfy41zrf9nbvj2s-vscode-with-extensions-1.102.2.drv",
      "outputs": {
        "out": "/nix/store/7vxhjcfy5qv8851sjsjhskjmhmkq3qdj-vscode-with-extensions-1.102.2"
      },
      "output-names": [
        "out"
      ],
      "outputs-to-install": [
        "out"
      ],
      "requested-outputs-to-install": [],
      "package-system": "aarch64-darwin",
      "system": "aarch64-darwin",
      "name": "vscode-with-extensions-1.102.2",
      "description": "Open source source code editor developed by Microsoft for Windows,\nLinux and macOS\n",
      "broken": false,
      "unfree": true,
      "priority": 5
    },
    {
      "install_id": "vscode-java-flake",
      "locked-url": "github:thomasvitale/vscode-java-flake/7591a2bc25e92f4071af5281ea13d5fc41ddf7f1?narHash=sha256-rr6fk1yKVfjfVr4xqT5JqX1y1mvXfJYvKwlIJUEltvo%3D",
      "flake-description": "VSCode with Java extensions",
      "locked-flake-attr-path": "packages.aarch64-linux.default",
      "derivation": "/nix/store/sjr9pm07i65c2afvmhap9j70d77392cq-vscode-with-extensions-1.102.2.drv",
      "outputs": {
        "out": "/nix/store/nhhpp9l6137xkdq0cw7x1p9dgwbvbbfb-vscode-with-extensions-1.102.2"
      },
      "output-names": [
        "out"
      ],
      "outputs-to-install": [
        "out"
      ],
      "requested-outputs-to-install": [],
      "package-system": "aarch64-linux",
      "system": "aarch64-linux",
      "name": "vscode-with-extensions-1.102.2",
      "description": "Open source source code editor developed by Microsoft for Windows,\nLinux and macOS\n",
      "broken": false,
      "unfree": true,
      "priority": 5
    },
    {
      "install_id": "vscode-java-flake",
      "locked-url": "github:thomasvitale/vscode-java-flake/7591a2bc25e92f4071af5281ea13d5fc41ddf7f1?narHash=sha256-rr6fk1yKVfjfVr4xqT5JqX1y1mvXfJYvKwlIJUEltvo%3D",
      "flake-description": "VSCode with Java extensions",
      "locked-flake-attr-path": "packages.x86_64-darwin.default",
      "derivation": "/nix/store/n8cszad6rrd84qrl8bdsjr8f00qbfrg6-vscode-with-extensions-1.102.2.drv",
      "outputs": {
        "out": "/nix/store/badi1ryj8n0xwlrbivgkhshvwh8a2gy0-vscode-with-extensions-1.102.2"
      },
      "output-names": [
        "out"
      ],
      "outputs-to-install": [
        "out"
      ],
      "requested-outputs-to-install": [],
      "package-system": "x86_64-darwin",
      "system": "x86_64-darwin",
      "name": "vscode-with-extensions-1.102.2",
      "description": "Open source source code editor developed by Microsoft for Windows,\nLinux and macOS\n",
      "broken": false,
      "unfree": true,
      "priority": 5
    },
    {
      "install_id": "vscode-java-flake",
      "locked-url": "github:thomasvitale/vscode-java-flake/7591a2bc25e92f4071af5281ea13d5fc41ddf7f1?narHash=sha256-rr6fk1yKVfjfVr4xqT5JqX1y1mvXfJYvKwlIJUEltvo%3D",
      "flake-description": "VSCode with Java extensions",
      "locked-flake-attr-path": "packages.x86_64-linux.default",
      "derivation": "/nix/store/qc0gvrvmayhp92lwynxv4xqkh38zcrk4-vscode-with-extensions-1.102.2.drv",
      "outputs": {
        "out": "/nix/store/rk62gh66qp82q36mvzqyfvxhxisrjz8i-vscode-with-extensions-1.102.2"
      },
      "output-names": [
        "out"
      ],
      "outputs-to-install": [
        "out"
      ],
      "requested-outputs-to-install": [],
      "package-system": "x86_64-linux",
      "system": "x86_64-linux",
      "name": "vscode-with-extensions-1.102.2",
      "description": "Open source source code editor developed by Microsoft for Windows,\nLinux and macOS\n",
      "broken": false,
      "unfree": true,
      "priority": 5
    }
  ]
}