{
  "lockfile-version": 1,
  "manifest": {
    "version": 1,
    "install": {
      "graalvm-ce": {
        "pkg-path": "graalvm-ce",
        "version": "24.0.1"
      },
      "httpie": {
        "pkg-path": "httpie"
      },
      "vscode-java-flake": {
        "flake": "github:thomasvitale/vscode-java-flake"
      }
    },
    "vars": {
      "FLOX_DISABLE_METRICS": "true"
    },
    "options": {
      "systems": [
        "aarch64-darwin",
        "aarch64-linux",
        "x86_64-darwin",
        "x86_64-linux"
      ]
    }
  },
  "packages": [
    {
      "attr_path": "graalvm-ce",
      "broken": false,
      "derivation": "/nix/store/z1kjaq7l30hsjhxxjiw5jvbycpfkyrlk-graalvm-ce-24.0.1.drv",
      "description": "High-Performance Polyglot VM",
      "install_id": "graalvm-ce",
      "license": "[ UPL-1.0, GPL-2.0-with-classpath-exception, BSD-3-Clause ]",
      "locked_url": "https://github.com/flox/nixpkgs?rev=94def634a20494ee057c76998843c015909d6311",
      "name": "graalvm-ce-24.0.1",
      "pname": "graalvm-ce",
      "rev": "94def634a20494ee057c76998843c015909d6311",
      "rev_count": 837094,
      "rev_date": "2025-07-31T05:30:45Z",
      "scrape_date": "2025-08-02T00:29:09.125312Z",
      "stabilities": [
        "unstable"
      ],
      "unfree": false,
      "version": "24.0.1",
      "outputs_to_install": [
        "out"
      ],
      "outputs": {
        "out": "/nix/store/pr586lnkp2zyqky3cj5ps75vrsdkaxia-graalvm-ce-24.0.1"
      },
      "system": "aarch64-darwin",
      "group": "toplevel",
      "priority": 5
    },
    {
      "attr_path": "graalvm-ce",
      "broken": false,
      "derivation": "/nix/store/3i8cbk0z0jh6zp9kivrvprsvqp81zfbh-graalvm-ce-24.0.1.drv",
      "description": "High-Performance Polyglot VM",
      "install_id": "graalvm-ce",
      "license": "[ UPL-1.0, GPL-2.0-with-classpath-exception, BSD-3-Clause ]",
      "locked_url": "https://github.com/flox/nixpkgs?rev=94def634a20494ee057c76998843c015909d6311",
      "name": "graalvm-ce-24.0.1",
      "pname": "graalvm-ce",
      "rev": "94def634a20494ee057c76998843c015909d6311",
      "rev_count": 837094,
      "rev_date": "2025-07-31T05:30:45Z",
      "scrape_date": "2025-08-02T00:49:20.163758Z",
      "stabilities": [
        "unstable"
      ],
      "unfree": false,
      "version": "24.0.1",
      "outputs_to_install": [
        "out"
      ],
      "outputs": {
        "out": "/nix/store/5cf1fd3wli40ri5b8vf37v59vr7cxy6p-graalvm-ce-24.0.1"
      },
      "system": "aarch64-linux",
      "group": "toplevel",
      "priority": 5
    },
    {
      "attr_path": "graalvm-ce",
      "broken": false,
      "derivation": "/nix/store/ibgz3ni5l75077vssf5lcvpply58dpwc-graalvm-ce-24.0.1.drv",
      "description": "High-Performance Polyglot VM",
      "install_id": "graalvm-ce",
      "license": "[ UPL-1.0, GPL-2.0-with-classpath-exception, BSD-3-Clause ]",
      "locked_url": "https://github.com/flox/nixpkgs?rev=94def634a20494ee057c76998843c015909d6311",
      "name": "graalvm-ce-24.0.1",
      "pname": "graalvm-ce",
      "rev": "94def634a20494ee057c76998843c015909d6311",
      "rev_count": 837094,
      "rev_date": "2025-07-31T05:30:45Z",
      "scrape_date": "2025-08-02T01:09:24.983166Z",
      "stabilities": [
        "unstable"
      ],
      "unfree": false,
      "version": "24.0.1",
      "outputs_to_install": [
        "out"
      ],
      "outputs": {
        "out": "/nix/store/3k7qp556hzc0kx8mbsxgx60qrby66ddn-graalvm-ce-24.0.1"
      },
      "system": "x86_64-darwin",
      "group": "toplevel",
      "priority": 5
    },
    {
      "attr_path": "graalvm-ce",
      "broken": false,
      "derivation": "/nix/store/d8za9gz83cc2hfyk011j2p4slx74fs25-graalvm-ce-24.0.1.drv",
      "description": "High-Performance Polyglot VM",
      "install_id": "graalvm-ce",
      "license": "[ UPL-1.0, GPL-2.0-with-classpath-exception, BSD-3-Clause ]",
      "locked_url": "https://github.com/flox/nixpkgs?rev=94def634a20494ee057c76998843c015909d6311",
      "name": "graalvm-ce-24.0.1",
      "pname": "graalvm-ce",
      "rev": "94def634a20494ee057c76998843c015909d6311",
      "rev_count": 837094,
      "rev_date": "2025-07-31T05:30:45Z",
      "scrape_date": "2025-08-02T01:33:46.313797Z",
      "stabilities": [
        "unstable"
      ],
      "unfree": false,
      "version": "24.0.1",
      "outputs_to_install": [
        "out"
      ],
      "outputs": {
        "out": "/nix/store/l0adwdzzgiznpqwcqblrx4jgknfag9li-graalvm-ce-24.0.1"
      },
      "system": "x86_64-linux",
      "group": "toplevel",
      "priority": 5
    },
    {
      "attr_path": "httpie",
      "broken": false,
      "derivation": "/nix/store/xzxqlivns39j4rkm1pw6868cj1vwdpgg-python3.13-httpie-3.2.4.drv",
      "description": "Command line HTTP client whose goal is to make CLI human-friendly",
      "install_id": "httpie",
      "license": "BSD-3-Clause",
      "locked_url": "https://github.com/flox/nixpkgs?rev=94def634a20494ee057c76998843c015909d6311",
      "name": "httpie-3.2.4",
      "pname": "httpie",
      "rev": "94def634a20494ee057c76998843c015909d6311",
      "rev_count": 837094,
      "rev_date": "2025-07-31T05:30:45Z",
      "scrape_date": "2025-08-02T00:29:09.304783Z",
      "stabilities": [
        "unstable"
      ],
      "unfree": false,
      "version": "3.2.4",
      "outputs_to_install": [
        "out"
      ],
      "outputs": {
        "dist": "/nix/store/35fl1gb4kb5952vnz61rg73dkq380442-python3.13-httpie-3.2.4-dist",
        "out": "/nix/store/xr231p4q6sib62ya06dmal5mqkx3mw71-python3.13-httpie-3.2.4"
      },
      "system": "aarch64-darwin",
      "group": "toplevel",
      "priority": 5
    },
    {
      "attr_path": "httpie",
      "broken": false,
      "derivation": "/nix/store/nzzj68682j49pyrqlilkjbddab8hi7l2-python3.13-httpie-3.2.4.drv",
      "description": "Command line HTTP client whose goal is to make CLI human-friendly",
      "install_id": "httpie",
      "license": "BSD-3-Clause",
      "locked_url": "https://github.com/flox/nixpkgs?rev=94def634a20494ee057c76998843c015909d6311",
      "name": "httpie-3.2.4",
      "pname": "httpie",
      "rev": "94def634a20494ee057c76998843c015909d6311",
      "rev_count": 837094,
      "rev_date": "2025-07-31T05:30:45Z",
      "scrape_date": "2025-08-02T00:49:20.934401Z",
      "stabilities": [
        "unstable"
      ],
      "unfree": false,
      "version": "3.2.4",
      "outputs_to_install": [
        "out"
      ],
      "outputs": {
        "dist": "/nix/store/f49v94sdzwwm6ibhggkrpxvi3yg0ari9-python3.13-httpie-3.2.4-dist",
        "out": "/nix/store/cgw4gimr0im69ffsdyqryssq5zr86npa-python3.13-httpie-3.2.4"
      },
      "system": "aarch64-linux",
      "group": "toplevel",
      "priority": 5
    },
    {
      "attr_path": "httpie",
      "broken": false,
      "derivation": "/nix/store/p8k3qvq70hwivf0r9kgh35wgbib2mpcl-python3.13-httpie-3.2.4.drv",
      "description": "Command line HTTP client whose goal is to make CLI human-friendly",
      "install_id": "httpie",
      "license": "BSD-3-Clause",
      "locked_url": "https://github.com/flox/nixpkgs?rev=94def634a20494ee057c76998843c015909d6311",
      "name": "httpie-3.2.4",
      "pname": "httpie",
      "rev": "94def634a20494ee057c76998843c015909d6311",
      "rev_count": 837094,
      "rev_date": "2025-07-31T05:30:45Z",
      "scrape_date": "2025-08-02T01:09:25.174950Z",
      "stabilities": [
        "unstable"
      ],
      "unfree": false,
      "version": "3.2.4",
      "outputs_to_install": [
        "out"
      ],
      "outputs": {
        "dist": "/nix/store/lgi3zh376dbr2iawhhd8hw958cdsmpbw-python3.13-httpie-3.2.4-dist",
        "out": "/nix/store/ymzvbkq13cf45sdzfsvdnx1rm0d9d8hx-python3.13-httpie-3.2.4"
      },
      "system": "x86_64-darwin",
      "group": "toplevel",
      "priority": 5
    },
    {
      "attr_path": "httpie",
      "broken": false,
      "derivation": "/nix/store/3izil76fys06m8sxp14s5gia4raa72gh-python3.13-httpie-3.2.4.drv",
      "description": "Command line HTTP client whose goal is to make CLI human-friendly",
      "install_id": "httpie",
      "license": "BSD-3-Clause",
      "locked_url": "https://github.com/flox/nixpkgs?rev=94def634a20494ee057c76998843c015909d6311",
      "name": "httpie-3.2.4",
      "pname": "httpie",
      "rev": "94def634a20494ee057c76998843c015909d6311",
      "rev_count": 837094,
      "rev_date": "2025-07-31T05:30:45Z",
      "scrape_date": "2025-08-02T01:33:47.125742Z",
      "stabilities": [
        "unstable"
      ],
      "unfree": false,
      "version": "3.2.4",
      "outputs_to_install": [
        "out"
      ],
      "outputs": {
        "dist": "/nix/store/0rz883gyx30ggxkh51dsqw0px0dxmj30-python3.13-httpie-3.2.4-dist",
        "out": "/nix/store/5cc08zz45zfrl0ka58abjcp8hwhib7zp-python3.13-httpie-3.2.4"
      },
      "system": "x86_64-linux",
      "group": "toplevel",
      "priority": 5
    },
    {
      "install_id": "vscode-java-flake",
      "locked-url": "github:thomasvitale/vscode-java-flake/7591a2bc25e92f4071af5281ea13d5fc41ddf7f1?narHash=sha256-rr6fk1yKVfjfVr4xqT5JqX1y1mvXfJYvKwlIJUEltvo%3D",
      "flake-description": "VSCode with Java extensions",
      "locked-flake-attr-path": "packages.aarch64-darwin.default",
      "derivation": "/nix/store/rwap03mba8q8pp522lfy41zrf9nbvj2s-vscode-with-extensions-1.102.2.drv",
      "outputs": {
        "out": "/nix/store/7vxhjcfy5qv8851sjsjhskjmhmkq3qdj-vscode-with-extensions-1.102.2"
      },
      "output-names": [
        "out"
      ],
      "outputs-to-install": [
        "out"
      ],
      "requested-outputs-to-install": [],
      "package-system": "aarch64-darwin",
      "system": "aarch64-darwin",
      "name": "vscode-with-extensions-1.102.2",
      "description": "Open source source code editor developed by Microsoft for Windows,\nLinux and macOS\n",
      "broken": false,
      "unfree": true,
      "priority": 5
    },
    {
      "install_id": "vscode-java-flake",
      "locked-url": "github:thomasvitale/vscode-java-flake/7591a2bc25e92f4071af5281ea13d5fc41ddf7f1?narHash=sha256-rr6fk1yKVfjfVr4xqT5JqX1y1mvXfJYvKwlIJUEltvo%3D",
      "flake-description": "VSCode with Java extensions",
      "locked-flake-attr-path": "packages.aarch64-linux.default",
      "derivation": "/nix/store/sjr9pm07i65c2afvmhap9j70d77392cq-vscode-with-extensions-1.102.2.drv",
      "outputs": {
        "out": "/nix/store/nhhpp9l6137xkdq0cw7x1p9dgwbvbbfb-vscode-with-extensions-1.102.2"
      },
      "output-names": [
        "out"
      ],
      "outputs-to-install": [
        "out"
      ],
      "requested-outputs-to-install": [],
      "package-system": "aarch64-linux",
      "system": "aarch64-linux",
      "name": "vscode-with-extensions-1.102.2",
      "description": "Open source source code editor developed by Microsoft for Windows,\nLinux and macOS\n",
      "broken": false,
      "unfree": true,
      "priority": 5
    },
    {
      "install_id": "vscode-java-flake",
      "locked-url": "github:thomasvitale/vscode-java-flake/7591a2bc25e92f4071af5281ea13d5fc41ddf7f1?narHash=sha256-rr6fk1yKVfjfVr4xqT5JqX1y1mvXfJYvKwlIJUEltvo%3D",
      "flake-description": "VSCode with Java extensions",
      "locked-flake-attr-path": "packages.x86_64-darwin.default",
      "derivation": "/nix/store/n8cszad6rrd84qrl8bdsjr8f00qbfrg6-vscode-with-extensions-1.102.2.drv",
      "outputs": {
        "out": "/nix/store/badi1ryj8n0xwlrbivgkhshvwh8a2gy0-vscode-with-extensions-1.102.2"
      },
      "output-names": [
        "out"
      ],
      "outputs-to-install": [
        "out"
      ],
      "requested-outputs-to-install": [],
      "package-system": "x86_64-darwin",
      "system": "x86_64-darwin",
      "name": "vscode-with-extensions-1.102.2",
      "description": "Open source source code editor developed by Microsoft for Windows,\nLinux and macOS\n",
      "broken": false,
      "unfree": true,
      "priority": 5
    },
    {
      "install_id": "vscode-java-flake",
      "locked-url": "github:thomasvitale/vscode-java-flake/7591a2bc25e92f4071af5281ea13d5fc41ddf7f1?narHash=sha256-rr6fk1yKVfjfVr4xqT5JqX1y1mvXfJYvKwlIJUEltvo%3D",
      "flake-description": "VSCode with Java extensions",
      "locked-flake-attr-path": "packages.x86_64-linux.default",
      "derivation": "/nix/store/qc0gvrvmayhp92lwynxv4xqkh38zcrk4-vscode-with-extensions-1.102.2.drv",
      "outputs": {
        "out": "/nix/store/rk62gh66qp82q36mvzqyfvxhxisrjz8i-vscode-with-extensions-1.102.2"
      },
      "output-names": [
        "out"
      ],
      "outputs-to-install": [
        "out"
      ],
      "requested-outputs-to-install": [],
      "package-system": "x86_64-linux",
      "system": "x86_64-linux",
      "name": "vscode-with-extensions-1.102.2",
      "description": "Open source source code editor developed by Microsoft for Windows,\nLinux and macOS\n",
      "broken": false,
      "unfree": true,
      "priority": 5
    }
  ]
}