{
  "lockfile-version": 1,
  "manifest": {
    "version": 1,
    "install": {
      "go": {
        "pkg-path": "go"
      },
      "httpie": {
        "pkg-path": "httpie"
      },
      "vscode-go-flake": {
        "flake": "github:thomasvitale/vscode-go-flake"
      }
    },
    "vars": {
      "FLOX_DISABLE_METRICS": "true"
    },
    "options": {
      "systems": [
        "aarch64-darwin",
        "aarch64-linux",
        "x86_64-darwin",
        "x86_64-linux"
      ]
    }
  },
  "packages": [
    {
      "attr_path": "go",
      "broken": false,
      "derivation": "/nix/store/7i15lyhdhcpr16yqxlxm2ipjdn560w5x-go-1.24.4.drv",
      "description": "Go Programming language",
      "install_id": "go",
      "license": "BSD-3-Clause",
      "locked_url": "https://github.com/flox/nixpkgs?rev=1fd8bada0b6117e6c7eb54aad5813023eed37ccb",
      "name": "go-1.24.4",
      "pname": "go",
      "rev": "1fd8bada0b6117e6c7eb54aad5813023eed37ccb",
      "rev_count": 826054,
      "rev_date": "2025-07-06T08:59:25Z",
      "scrape_date": "2025-07-08T05:14:35.338088Z",
      "stabilities": [
        "unstable"
      ],
      "unfree": false,
      "version": "1.24.4",
      "outputs_to_install": [
        "out"
      ],
      "outputs": {
        "out": "/nix/store/rq7irijkj3nhapmjcv9d96xgkisj55x2-go-1.24.4"
      },
      "system": "aarch64-darwin",
      "group": "toplevel",
      "priority": 5
    },
    {
      "attr_path": "go",
      "broken": false,
      "derivation": "/nix/store/qhrgsw4303gv415fl0q48qki3xjrysn2-go-1.24.4.drv",
      "description": "Go Programming language",
      "install_id": "go",
      "license": "BSD-3-Clause",
      "locked_url": "https://github.com/flox/nixpkgs?rev=1fd8bada0b6117e6c7eb54aad5813023eed37ccb",
      "name": "go-1.24.4",
      "pname": "go",
      "rev": "1fd8bada0b6117e6c7eb54aad5813023eed37ccb",
      "rev_count": 826054,
      "rev_date": "2025-07-06T08:59:25Z",
      "scrape_date": "2025-07-08T05:34:26.518968Z",
      "stabilities": [
        "unstable"
      ],
      "unfree": false,
      "version": "1.24.4",
      "outputs_to_install": [
        "out"
      ],
      "outputs": {
        "out": "/nix/store/9f64p4ip4iz2nba4wyhn1baq6b6pb6ss-go-1.24.4"
      },
      "system": "aarch64-linux",
      "group": "toplevel",
      "priority": 5
    },
    {
      "attr_path": "go",
      "broken": false,
      "derivation": "/nix/store/c3247n9gz359k8w7m0x690ip4d1h0xj2-go-1.24.4.drv",
      "description": "Go Programming language",
      "install_id": "go",
      "license": "BSD-3-Clause",
      "locked_url": "https://github.com/flox/nixpkgs?rev=1fd8bada0b6117e6c7eb54aad5813023eed37ccb",
      "name": "go-1.24.4",
      "pname": "go",
      "rev": "1fd8bada0b6117e6c7eb54aad5813023eed37ccb",
      "rev_count": 826054,
      "rev_date": "2025-07-06T08:59:25Z",
      "scrape_date": "2025-07-08T05:52:52.898278Z",
      "stabilities": [
        "unstable"
      ],
      "unfree": false,
      "version": "1.24.4",
      "outputs_to_install": [
        "out"
      ],
      "outputs": {
        "out": "/nix/store/n0gqcdpdk0ap2ikasi36r0szwpk2g35q-go-1.24.4"
      },
      "system": "x86_64-darwin",
      "group": "toplevel",
      "priority": 5
    },
    {
      "attr_path": "go",
      "broken": false,
      "derivation": "/nix/store/55apw0ij2wcvrvmkvdgi6ixx7nqqw0hh-go-1.24.4.drv",
      "description": "Go Programming language",
      "install_id": "go",
      "license": "BSD-3-Clause",
      "locked_url": "https://github.com/flox/nixpkgs?rev=1fd8bada0b6117e6c7eb54aad5813023eed37ccb",
      "name": "go-1.24.4",
      "pname": "go",
      "rev": "1fd8bada0b6117e6c7eb54aad5813023eed37ccb",
      "rev_count": 826054,
      "rev_date": "2025-07-06T08:59:25Z",
      "scrape_date": "2025-07-08T06:14:18.452003Z",
      "stabilities": [
        "unstable"
      ],
      "unfree": false,
      "version": "1.24.4",
      "outputs_to_install": [
        "out"
      ],
      "outputs": {
        "out": "/nix/store/mdn9hnvf0qmxywbrpbywmxww2adxdn5v-go-1.24.4"
      },
      "system": "x86_64-linux",
      "group": "toplevel",
      "priority": 5
    },
    {
      "attr_path": "httpie",
      "broken": false,
      "derivation": "/nix/store/mqkqr0icq7nnyljhjg1zliybryshcfml-python3.13-httpie-3.2.4.drv",
      "description": "Command line HTTP client whose goal is to make CLI human-friendly",
      "install_id": "httpie",
      "license": "BSD-3-Clause",
      "locked_url": "https://github.com/flox/nixpkgs?rev=1fd8bada0b6117e6c7eb54aad5813023eed37ccb",
      "name": "httpie-3.2.4",
      "pname": "httpie",
      "rev": "1fd8bada0b6117e6c7eb54aad5813023eed37ccb",
      "rev_count": 826054,
      "rev_date": "2025-07-06T08:59:25Z",
      "scrape_date": "2025-07-08T05:14:35.583063Z",
      "stabilities": [
        "unstable"
      ],
      "unfree": false,
      "version": "3.2.4",
      "outputs_to_install": [
        "out"
      ],
      "outputs": {
        "dist": "/nix/store/yh60x16ckpcxxwpykmncxwrnk9vwqrxx-python3.13-httpie-3.2.4-dist",
        "out": "/nix/store/gj40gmv0y5i479iiy9rm69j8bkxvjgk1-python3.13-httpie-3.2.4"
      },
      "system": "aarch64-darwin",
      "group": "toplevel",
      "priority": 5
    },
    {
      "attr_path": "httpie",
      "broken": false,
      "derivation": "/nix/store/zp7g2n7krgsxbyiwpwaakmd43m024r60-python3.13-httpie-3.2.4.drv",
      "description": "Command line HTTP client whose goal is to make CLI human-friendly",
      "install_id": "httpie",
      "license": "BSD-3-Clause",
      "locked_url": "https://github.com/flox/nixpkgs?rev=1fd8bada0b6117e6c7eb54aad5813023eed37ccb",
      "name": "httpie-3.2.4",
      "pname": "httpie",
      "rev": "1fd8bada0b6117e6c7eb54aad5813023eed37ccb",
      "rev_count": 826054,
      "rev_date": "2025-07-06T08:59:25Z",
      "scrape_date": "2025-07-08T05:34:27.395946Z",
      "stabilities": [
        "unstable"
      ],
      "unfree": false,
      "version": "3.2.4",
      "outputs_to_install": [
        "out"
      ],
      "outputs": {
        "dist": "/nix/store/cskfg46k44dfsc5pvsg1ci7z7z4p2k6s-python3.13-httpie-3.2.4-dist",
        "out": "/nix/store/74ws7mk8j7jwc0biabazf3k8wbm99cyx-python3.13-httpie-3.2.4"
      },
      "system": "aarch64-linux",
      "group": "toplevel",
      "priority": 5
    },
    {
      "attr_path": "httpie",
      "broken": false,
      "derivation": "/nix/store/fj8njr3nx3knmpxgj0nyci8c9nw7gffh-python3.13-httpie-3.2.4.drv",
      "description": "Command line HTTP client whose goal is to make CLI human-friendly",
      "install_id": "httpie",
      "license": "BSD-3-Clause",
      "locked_url": "https://github.com/flox/nixpkgs?rev=1fd8bada0b6117e6c7eb54aad5813023eed37ccb",
      "name": "httpie-3.2.4",
      "pname": "httpie",
      "rev": "1fd8bada0b6117e6c7eb54aad5813023eed37ccb",
      "rev_count": 826054,
      "rev_date": "2025-07-06T08:59:25Z",
      "scrape_date": "2025-07-08T05:52:53.152521Z",
      "stabilities": [
        "unstable"
      ],
      "unfree": false,
      "version": "3.2.4",
      "outputs_to_install": [
        "out"
      ],
      "outputs": {
        "dist": "/nix/store/8vszprl2mbrsa9fam82fby244hrlljmc-python3.13-httpie-3.2.4-dist",
        "out": "/nix/store/h0dmgsrp2l9rl05xhl0bc87gif7vav8q-python3.13-httpie-3.2.4"
      },
      "system": "x86_64-darwin",
      "group": "toplevel",
      "priority": 5
    },
    {
      "attr_path": "httpie",
      "broken": false,
      "derivation": "/nix/store/m6x30zjnmag62gksdfrsky0f7v1bpb3i-python3.13-httpie-3.2.4.drv",
      "description": "Command line HTTP client whose goal is to make CLI human-friendly",
      "install_id": "httpie",
      "license": "BSD-3-Clause",
      "locked_url": "https://github.com/flox/nixpkgs?rev=1fd8bada0b6117e6c7eb54aad5813023eed37ccb",
      "name": "httpie-3.2.4",
      "pname": "httpie",
      "rev": "1fd8bada0b6117e6c7eb54aad5813023eed37ccb",
      "rev_count": 826054,
      "rev_date": "2025-07-06T08:59:25Z",
      "scrape_date": "2025-07-08T06:14:19.350988Z",
      "stabilities": [
        "unstable"
      ],
      "unfree": false,
      "version": "3.2.4",
      "outputs_to_install": [
        "out"
      ],
      "outputs": {
        "dist": "/nix/store/aj9irg0vqxs94k8v967n6kmddlgni0qf-python3.13-httpie-3.2.4-dist",
        "out": "/nix/store/hdmyiyglh84a6x8mr7l67vs01l2zjnig-python3.13-httpie-3.2.4"
      },
      "system": "x86_64-linux",
      "group": "toplevel",
      "priority": 5
    },
    {
      "install_id": "vscode-go-flake",
      "locked-url": "github:thomasvitale/vscode-go-flake/41496e4dc3d6969ff933bbcd931d00e607099280?narHash=sha256-1K9DApwVC51A7pwMoNrl7SksR0Mg17/FPvCo7k/C9ng%3D",
      "flake-description": "VSCode with Go extensions",
      "locked-flake-attr-path": "packages.aarch64-darwin.default",
      "derivation": "/nix/store/rxirdnx17n00657xkk057c58ayczkhzc-vscode-with-extensions-1.101.0.drv",
      "outputs": {
        "out": "/nix/store/21ixmxh3vz87vbn53gqzgs07i0nhj6gd-vscode-with-extensions-1.101.0"
      },
      "output-names": [
        "out"
      ],
      "outputs-to-install": [
        "out"
      ],
      "requested-outputs-to-install": [],
      "package-system": "aarch64-darwin",
      "system": "aarch64-darwin",
      "name": "vscode-with-extensions-1.101.0",
      "description": "Open source source code editor developed by Microsoft for Windows,\nLinux and macOS\n",
      "broken": false,
      "unfree": true,
      "priority": 5
    },
    {
      "install_id": "vscode-go-flake",
      "locked-url": "github:thomasvitale/vscode-go-flake/41496e4dc3d6969ff933bbcd931d00e607099280?narHash=sha256-1K9DApwVC51A7pwMoNrl7SksR0Mg17/FPvCo7k/C9ng%3D",
      "flake-description": "VSCode with Go extensions",
      "locked-flake-attr-path": "packages.aarch64-linux.default",
      "derivation": "/nix/store/w29p2wqz9ywgnkaarm72pfsbphrql06b-vscode-with-extensions-1.101.0.drv",
      "outputs": {
        "out": "/nix/store/3v6wn7p6ms3cv1l7g8i35wp9y2p37zh9-vscode-with-extensions-1.101.0"
      },
      "output-names": [
        "out"
      ],
      "outputs-to-install": [
        "out"
      ],
      "requested-outputs-to-install": [],
      "package-system": "aarch64-linux",
      "system": "aarch64-linux",
      "name": "vscode-with-extensions-1.101.0",
      "description": "Open source source code editor developed by Microsoft for Windows,\nLinux and macOS\n",
      "broken": false,
      "unfree": true,
      "priority": 5
    },
    {
      "install_id": "vscode-go-flake",
      "locked-url": "github:thomasvitale/vscode-go-flake/41496e4dc3d6969ff933bbcd931d00e607099280?narHash=sha256-1K9DApwVC51A7pwMoNrl7SksR0Mg17/FPvCo7k/C9ng%3D",
      "flake-description": "VSCode with Go extensions",
      "locked-flake-attr-path": "packages.x86_64-darwin.default",
      "derivation": "/nix/store/bl5w04pmawvrxg6yqjm8ficmsi4dxqwv-vscode-with-extensions-1.101.0.drv",
      "outputs": {
        "out": "/nix/store/kzm9vfzqy6djkjmxcrswf984nc0plsaj-vscode-with-extensions-1.101.0"
      },
      "output-names": [
        "out"
      ],
      "outputs-to-install": [
        "out"
      ],
      "requested-outputs-to-install": [],
      "package-system": "x86_64-darwin",
      "system": "x86_64-darwin",
      "name": "vscode-with-extensions-1.101.0",
      "description": "Open source source code editor developed by Microsoft for Windows,\nLinux and macOS\n",
      "broken": false,
      "unfree": true,
      "priority": 5
    },
    {
      "install_id": "vscode-go-flake",
      "locked-url": "github:thomasvitale/vscode-go-flake/41496e4dc3d6969ff933bbcd931d00e607099280?narHash=sha256-1K9DApwVC51A7pwMoNrl7SksR0Mg17/FPvCo7k/C9ng%3D",
      "flake-description": "VSCode with Go extensions",
      "locked-flake-attr-path": "packages.x86_64-linux.default",
      "derivation": "/nix/store/1a57ympsa4x8rkcdmql8shsv98g9r1j4-vscode-with-extensions-1.101.0.drv",
      "outputs": {
        "out": "/nix/store/k8bl5hsl7xmbzydgs8m6h2d6gis4fa2l-vscode-with-extensions-1.101.0"
      },
      "output-names": [
        "out"
      ],
      "outputs-to-install": [
        "out"
      ],
      "requested-outputs-to-install": [],
      "package-system": "x86_64-linux",
      "system": "x86_64-linux",
      "name": "vscode-with-extensions-1.101.0",
      "description": "Open source source code editor developed by Microsoft for Windows,\nLinux and macOS\n",
      "broken": false,
      "unfree": true,
      "priority": 5
    }
  ]
}