{
  "lockfile-version": 1,
  "manifest": {
    "version": 1,
    "install": {
      "go": {
        "pkg-path": "go"
      },
      "httpie": {
        "pkg-path": "httpie"
      },
      "vscode-with-extensions": {
        "pkg-path": "vscode-with-extensions"
      }
    },
    "vars": {
      "FLOX_DISABLE_METRICS": "true"
    },
    "options": {
      "systems": [
        "aarch64-darwin",
        "aarch64-linux",
        "x86_64-darwin",
        "x86_64-linux"
      ]
    }
  },
  "packages": [
    {
      "attr_path": "go",
      "broken": false,
      "derivation": "/nix/store/c6h9pn9a4mwgz63qdiw70ac6fv7341v9-go-1.24.3.drv",
      "description": "Go Programming language",
      "install_id": "go",
      "license": "BSD-3-Clause",
      "locked_url": "https://github.com/flox/nixpkgs?rev=9e83b64f727c88a7711a2c463a7b16eedb69a84c",
      "name": "go-1.24.3",
      "pname": "go",
      "rev": "9e83b64f727c88a7711a2c463a7b16eedb69a84c",
      "rev_count": 816272,
      "rev_date": "2025-06-17T04:31:58Z",
      "scrape_date": "2025-06-18T00:36:16.406321Z",
      "stabilities": [
        "unstable"
      ],
      "unfree": false,
      "version": "1.24.3",
      "outputs_to_install": [
        "out"
      ],
      "outputs": {
        "out": "/nix/store/ps3admpzmc1ryvn9q7sw5xfd94dkrb3f-go-1.24.3"
      },
      "system": "aarch64-darwin",
      "group": "toplevel",
      "priority": 5
    },
    {
      "attr_path": "go",
      "broken": false,
      "derivation": "/nix/store/isgn9dhrlr1mix3swwr5h3aws839bafc-go-1.24.3.drv",
      "description": "Go Programming language",
      "install_id": "go",
      "license": "BSD-3-Clause",
      "locked_url": "https://github.com/flox/nixpkgs?rev=9e83b64f727c88a7711a2c463a7b16eedb69a84c",
      "name": "go-1.24.3",
      "pname": "go",
      "rev": "9e83b64f727c88a7711a2c463a7b16eedb69a84c",
      "rev_count": 816272,
      "rev_date": "2025-06-17T04:31:58Z",
      "scrape_date": "2025-06-18T00:54:49.625895Z",
      "stabilities": [
        "unstable"
      ],
      "unfree": false,
      "version": "1.24.3",
      "outputs_to_install": [
        "out"
      ],
      "outputs": {
        "out": "/nix/store/45bnqhyyq40p91k3cjw0farx3hn1swx6-go-1.24.3"
      },
      "system": "aarch64-linux",
      "group": "toplevel",
      "priority": 5
    },
    {
      "attr_path": "go",
      "broken": false,
      "derivation": "/nix/store/jfgcva919a7bz5zr781cgar6jn6vag9s-go-1.24.3.drv",
      "description": "Go Programming language",
      "install_id": "go",
      "license": "BSD-3-Clause",
      "locked_url": "https://github.com/flox/nixpkgs?rev=9e83b64f727c88a7711a2c463a7b16eedb69a84c",
      "name": "go-1.24.3",
      "pname": "go",
      "rev": "9e83b64f727c88a7711a2c463a7b16eedb69a84c",
      "rev_count": 816272,
      "rev_date": "2025-06-17T04:31:58Z",
      "scrape_date": "2025-06-18T01:12:23.667232Z",
      "stabilities": [
        "unstable"
      ],
      "unfree": false,
      "version": "1.24.3",
      "outputs_to_install": [
        "out"
      ],
      "outputs": {
        "out": "/nix/store/9z2kb6hxij7pqi0fgcn9ijhpb7ajpazs-go-1.24.3"
      },
      "system": "x86_64-darwin",
      "group": "toplevel",
      "priority": 5
    },
    {
      "attr_path": "go",
      "broken": false,
      "derivation": "/nix/store/8bavsrkczap815c77n4xyvzz4y7rx0r0-go-1.24.3.drv",
      "description": "Go Programming language",
      "install_id": "go",
      "license": "BSD-3-Clause",
      "locked_url": "https://github.com/flox/nixpkgs?rev=9e83b64f727c88a7711a2c463a7b16eedb69a84c",
      "name": "go-1.24.3",
      "pname": "go",
      "rev": "9e83b64f727c88a7711a2c463a7b16eedb69a84c",
      "rev_count": 816272,
      "rev_date": "2025-06-17T04:31:58Z",
      "scrape_date": "2025-06-18T01:32:29.219901Z",
      "stabilities": [
        "unstable"
      ],
      "unfree": false,
      "version": "1.24.3",
      "outputs_to_install": [
        "out"
      ],
      "outputs": {
        "out": "/nix/store/5xvi25nqmbrg58aixp4zgczilfnp7pwg-go-1.24.3"
      },
      "system": "x86_64-linux",
      "group": "toplevel",
      "priority": 5
    },
    {
      "attr_path": "httpie",
      "broken": false,
      "derivation": "/nix/store/bdxg5rifnxjjnfcpfsh8pi12g2giry00-python3.12-httpie-3.2.4.drv",
      "description": "Command line HTTP client whose goal is to make CLI human-friendly",
      "install_id": "httpie",
      "license": "BSD-3-Clause",
      "locked_url": "https://github.com/flox/nixpkgs?rev=9e83b64f727c88a7711a2c463a7b16eedb69a84c",
      "name": "httpie-3.2.4",
      "pname": "httpie",
      "rev": "9e83b64f727c88a7711a2c463a7b16eedb69a84c",
      "rev_count": 816272,
      "rev_date": "2025-06-17T04:31:58Z",
      "scrape_date": "2025-06-18T00:36:16.655652Z",
      "stabilities": [
        "unstable"
      ],
      "unfree": false,
      "version": "3.2.4",
      "outputs_to_install": [
        "out"
      ],
      "outputs": {
        "dist": "/nix/store/xy7gki5ak3v8d2yy7p6vkh4vw000c8a9-python3.12-httpie-3.2.4-dist",
        "out": "/nix/store/sh2p1km67z504fn1gfdwf01jahqikwfr-python3.12-httpie-3.2.4"
      },
      "system": "aarch64-darwin",
      "group": "toplevel",
      "priority": 5
    },
    {
      "attr_path": "httpie",
      "broken": false,
      "derivation": "/nix/store/1zy4iqjkk7zsgbgrzb7qxiqfv95f1l6f-python3.12-httpie-3.2.4.drv",
      "description": "Command line HTTP client whose goal is to make CLI human-friendly",
      "install_id": "httpie",
      "license": "BSD-3-Clause",
      "locked_url": "https://github.com/flox/nixpkgs?rev=9e83b64f727c88a7711a2c463a7b16eedb69a84c",
      "name": "httpie-3.2.4",
      "pname": "httpie",
      "rev": "9e83b64f727c88a7711a2c463a7b16eedb69a84c",
      "rev_count": 816272,
      "rev_date": "2025-06-17T04:31:58Z",
      "scrape_date": "2025-06-18T00:54:50.471509Z",
      "stabilities": [
        "unstable"
      ],
      "unfree": false,
      "version": "3.2.4",
      "outputs_to_install": [
        "out"
      ],
      "outputs": {
        "dist": "/nix/store/zyi6pl0iwvw823j8m6wr6fs6yc576pag-python3.12-httpie-3.2.4-dist",
        "out": "/nix/store/93xhm7h1lchy5klvqhzbingayaqh4l8k-python3.12-httpie-3.2.4"
      },
      "system": "aarch64-linux",
      "group": "toplevel",
      "priority": 5
    },
    {
      "attr_path": "httpie",
      "broken": false,
      "derivation": "/nix/store/5dgvdy43i6j9ln82v6ncrmqrahlza1j9-python3.12-httpie-3.2.4.drv",
      "description": "Command line HTTP client whose goal is to make CLI human-friendly",
      "install_id": "httpie",
      "license": "BSD-3-Clause",
      "locked_url": "https://github.com/flox/nixpkgs?rev=9e83b64f727c88a7711a2c463a7b16eedb69a84c",
      "name": "httpie-3.2.4",
      "pname": "httpie",
      "rev": "9e83b64f727c88a7711a2c463a7b16eedb69a84c",
      "rev_count": 816272,
      "rev_date": "2025-06-17T04:31:58Z",
      "scrape_date": "2025-06-18T01:12:23.925388Z",
      "stabilities": [
        "unstable"
      ],
      "unfree": false,
      "version": "3.2.4",
      "outputs_to_install": [
        "out"
      ],
      "outputs": {
        "dist": "/nix/store/zfklbgb73zpagkrx4229bsyijclkacxn-python3.12-httpie-3.2.4-dist",
        "out": "/nix/store/miii02j3q046j8y206imqhyqr62j3kd9-python3.12-httpie-3.2.4"
      },
      "system": "x86_64-darwin",
      "group": "toplevel",
      "priority": 5
    },
    {
      "attr_path": "httpie",
      "broken": false,
      "derivation": "/nix/store/9wwghymrb5c0illk9as0abr9dj075qrz-python3.12-httpie-3.2.4.drv",
      "description": "Command line HTTP client whose goal is to make CLI human-friendly",
      "install_id": "httpie",
      "license": "BSD-3-Clause",
      "locked_url": "https://github.com/flox/nixpkgs?rev=9e83b64f727c88a7711a2c463a7b16eedb69a84c",
      "name": "httpie-3.2.4",
      "pname": "httpie",
      "rev": "9e83b64f727c88a7711a2c463a7b16eedb69a84c",
      "rev_count": 816272,
      "rev_date": "2025-06-17T04:31:58Z",
      "scrape_date": "2025-06-18T01:32:30.139580Z",
      "stabilities": [
        "unstable"
      ],
      "unfree": false,
      "version": "3.2.4",
      "outputs_to_install": [
        "out"
      ],
      "outputs": {
        "dist": "/nix/store/c183p34628v1c5adl8zf0pqgabbd5wh6-python3.12-httpie-3.2.4-dist",
        "out": "/nix/store/klvk4jm9vpjv4jmwqsxk6d4dwl77b3gp-python3.12-httpie-3.2.4"
      },
      "system": "x86_64-linux",
      "group": "toplevel",
      "priority": 5
    },
    {
      "attr_path": "vscode-with-extensions",
      "broken": false,
      "derivation": "/nix/store/bgpb6idrb1c4sd6m4pr0py51qkxpsn40-vscode-with-extensions-1.101.0.drv",
      "description": "Open source source code editor developed by Microsoft for Windows,\nLinux and macOS\n",
      "install_id": "vscode-with-extensions",
      "license": "Unfree",
      "locked_url": "https://github.com/flox/nixpkgs?rev=9e83b64f727c88a7711a2c463a7b16eedb69a84c",
      "name": "vscode-with-extensions-1.101.0",
      "pname": "vscode-with-extensions",
      "rev": "9e83b64f727c88a7711a2c463a7b16eedb69a84c",
      "rev_count": 816272,
      "rev_date": "2025-06-17T04:31:58Z",
      "scrape_date": "2025-06-18T00:37:18.622061Z",
      "stabilities": [
        "unstable"
      ],
      "unfree": true,
      "version": "1.101.0",
      "outputs_to_install": [
        "out"
      ],
      "outputs": {
        "out": "/nix/store/28wq00klrhnvxwd0znn34wagk1qxpqpx-vscode-with-extensions-1.101.0"
      },
      "system": "aarch64-darwin",
      "group": "toplevel",
      "priority": 5
    },
    {
      "attr_path": "vscode-with-extensions",
      "broken": false,
      "derivation": "/nix/store/ab34qf1qag855v0wkn2z293vq6ixpdrr-vscode-with-extensions-1.101.0.drv",
      "description": "Open source source code editor developed by Microsoft for Windows,\nLinux and macOS\n",
      "install_id": "vscode-with-extensions",
      "license": "Unfree",
      "locked_url": "https://github.com/flox/nixpkgs?rev=9e83b64f727c88a7711a2c463a7b16eedb69a84c",
      "name": "vscode-with-extensions-1.101.0",
      "pname": "vscode-with-extensions",
      "rev": "9e83b64f727c88a7711a2c463a7b16eedb69a84c",
      "rev_count": 816272,
      "rev_date": "2025-06-17T04:31:58Z",
      "scrape_date": "2025-06-18T00:56:27.288160Z",
      "stabilities": [
        "unstable"
      ],
      "unfree": true,
      "version": "1.101.0",
      "outputs_to_install": [
        "out"
      ],
      "outputs": {
        "out": "/nix/store/7l9gvlfy249821f1a4vjcngha7h6bl17-vscode-with-extensions-1.101.0"
      },
      "system": "aarch64-linux",
      "group": "toplevel",
      "priority": 5
    },
    {
      "attr_path": "vscode-with-extensions",
      "broken": false,
      "derivation": "/nix/store/n2mapmi56nv9zx0pikln26anb235xzpz-vscode-with-extensions-1.101.0.drv",
      "description": "Open source source code editor developed by Microsoft for Windows,\nLinux and macOS\n",
      "install_id": "vscode-with-extensions",
      "license": "Unfree",
      "locked_url": "https://github.com/flox/nixpkgs?rev=9e83b64f727c88a7711a2c463a7b16eedb69a84c",
      "name": "vscode-with-extensions-1.101.0",
      "pname": "vscode-with-extensions",
      "rev": "9e83b64f727c88a7711a2c463a7b16eedb69a84c",
      "rev_count": 816272,
      "rev_date": "2025-06-17T04:31:58Z",
      "scrape_date": "2025-06-18T01:13:27.602163Z",
      "stabilities": [
        "unstable"
      ],
      "unfree": true,
      "version": "1.101.0",
      "outputs_to_install": [
        "out"
      ],
      "outputs": {
        "out": "/nix/store/b2kz4vh331l5jls29vvnjjf3d5z4cik3-vscode-with-extensions-1.101.0"
      },
      "system": "x86_64-darwin",
      "group": "toplevel",
      "priority": 5
    },
    {
      "attr_path": "vscode-with-extensions",
      "broken": false,
      "derivation": "/nix/store/hbs82fn40cavhm7sw6bca1577sbl8qym-vscode-with-extensions-1.101.0.drv",
      "description": "Open source source code editor developed by Microsoft for Windows,\nLinux and macOS\n",
      "install_id": "vscode-with-extensions",
      "license": "Unfree",
      "locked_url": "https://github.com/flox/nixpkgs?rev=9e83b64f727c88a7711a2c463a7b16eedb69a84c",
      "name": "vscode-with-extensions-1.101.0",
      "pname": "vscode-with-extensions",
      "rev": "9e83b64f727c88a7711a2c463a7b16eedb69a84c",
      "rev_count": 816272,
      "rev_date": "2025-06-17T04:31:58Z",
      "scrape_date": "2025-06-18T01:34:15.429012Z",
      "stabilities": [
        "unstable"
      ],
      "unfree": true,
      "version": "1.101.0",
      "outputs_to_install": [
        "out"
      ],
      "outputs": {
        "out": "/nix/store/gb64y46ygbxkxa26qx2s5w9chiyyyfdz-vscode-with-extensions-1.101.0"
      },
      "system": "x86_64-linux",
      "group": "toplevel",
      "priority": 5
    }
  ]
}